// !$*UTF8*$!
{
	archiveVersion = 1;
	classes = {
	};
	objectVersion = 48;
	objects = {

/* Begin PBXBuildFile section */
		13BB18F32446A84A005A5913 /* SampleProtocol.m in Sources */ = {isa = PBXBuildFile; fileRef = 13BB18F22446A84A005A5913 /* SampleProtocol.m */; };
		13BE1C152445BCCD00E0E5C0 /* AppDelegate.m in Sources */ = {isa = PBXBuildFile; fileRef = 13BE1C142445BCCD00E0E5C0 /* AppDelegate.m */; };
		13BE1C182445BCCD00E0E5C0 /* ViewController.m in Sources */ = {isa = PBXBuildFile; fileRef = 13BE1C172445BCCD00E0E5C0 /* ViewController.m */; };
		13BE1C1B2445BCCD00E0E5C0 /* Main.storyboard in Resources */ = {isa = PBXBuildFile; fileRef = 13BE1C192445BCCD00E0E5C0 /* Main.storyboard */; };
		13BE1C1D2445BCCE00E0E5C0 /* Assets.xcassets in Resources */ = {isa = PBXBuildFile; fileRef = 13BE1C1C2445BCCE00E0E5C0 /* Assets.xcassets */; };
		13BE1C202445BCCE00E0E5C0 /* LaunchScreen.storyboard in Resources */ = {isa = PBXBuildFile; fileRef = 13BE1C1E2445BCCE00E0E5C0 /* LaunchScreen.storyboard */; };
		13BE1C232445BCCE00E0E5C0 /* main.m in Sources */ = {isa = PBXBuildFile; fileRef = 13BE1C222445BCCE00E0E5C0 /* main.m */; };
		13BE1C2D2445BCCE00E0E5C0 /* LearnDevelopTests.m in Sources */ = {isa = PBXBuildFile; fileRef = 13BE1C2C2445BCCE00E0E5C0 /* LearnDevelopTests.m */; };
		13BE1C382445BCCE00E0E5C0 /* LearnDevelopUITests.m in Sources */ = {isa = PBXBuildFile; fileRef = 13BE1C372445BCCE00E0E5C0 /* LearnDevelopUITests.m */; };
/* End PBXBuildFile section */

/* Begin PBXContainerItemProxy section */
		13BE1C292445BCCE00E0E5C0 /* PBXContainerItemProxy */ = {
			isa = PBXContainerItemProxy;
			containerPortal = 13BE1C082445BCCC00E0E5C0 /* Project object */;
			proxyType = 1;
			remoteGlobalIDString = 13BE1C0F2445BCCC00E0E5C0;
			remoteInfo = LearnDevelop;
		};
		13BE1C342445BCCE00E0E5C0 /* PBXContainerItemProxy */ = {
			isa = PBXContainerItemProxy;
			containerPortal = 13BE1C082445BCCC00E0E5C0 /* Project object */;
			proxyType = 1;
			remoteGlobalIDString = 13BE1C0F2445BCCC00E0E5C0;
			remoteInfo = LearnDevelop;
		};
/* End PBXContainerItemProxy section */

/* Begin PBXFileReference section */
		13BB18F12446A6E0005A5913 /* SampleProtocol.h */ = {isa = PBXFileReference; lastKnownFileType = sourcecode.c.h; path = SampleProtocol.h; sourceTree = "<group>"; };
		13BB18F22446A84A005A5913 /* SampleProtocol.m */ = {isa = PBXFileReference; lastKnownFileType = sourcecode.c.objc; path = SampleProtocol.m; sourceTree = "<group>"; };
		13BE1C102445BCCD00E0E5C0 /* LearnDevelop.app */ = {isa = PBXFileReference; explicitFileType = wrapper.application; includeInIndex = 0; path = LearnDevelop.app; sourceTree = BUILT_PRODUCTS_DIR; };
		13BE1C132445BCCD00E0E5C0 /* AppDelegate.h */ = {isa = PBXFileReference; lastKnownFileType = sourcecode.c.h; path = AppDelegate.h; sourceTree = "<group>"; };
		13BE1C142445BCCD00E0E5C0 /* AppDelegate.m */ = {isa = PBXFileReference; lastKnownFileType = sourcecode.c.objc; path = AppDelegate.m; sourceTree = "<group>"; };
		13BE1C162445BCCD00E0E5C0 /* ViewController.h */ = {isa = PBXFileReference; lastKnownFileType = sourcecode.c.h; path = ViewController.h; sourceTree = "<group>"; };
		13BE1C172445BCCD00E0E5C0 /* ViewController.m */ = {isa = PBXFileReference; lastKnownFileType = sourcecode.c.objc; path = ViewController.m; sourceTree = "<group>"; };
		13BE1C1A2445BCCD00E0E5C0 /* Base */ = {isa = PBXFileReference; lastKnownFileType = file.storyboard; name = Base; path = Base.lproj/Main.storyboard; sourceTree = "<group>"; };
		13BE1C1C2445BCCE00E0E5C0 /* Assets.xcassets */ = {isa = PBXFileReference; lastKnownFileType = folder.assetcatalog; path = Assets.xcassets; sourceTree = "<group>"; };
		13BE1C1F2445BCCE00E0E5C0 /* Base */ = {isa = PBXFileReference; lastKnownFileType = file.storyboard; name = Base; path = Base.lproj/LaunchScreen.storyboard; sourceTree = "<group>"; };
		13BE1C212445BCCE00E0E5C0 /* Info.plist */ = {isa = PBXFileReference; lastKnownFileType = text.plist.xml; path = Info.plist; sourceTree = "<group>"; };
		13BE1C222445BCCE00E0E5C0 /* main.m */ = {isa = PBXFileReference; lastKnownFileType = sourcecode.c.objc; path = main.m; sourceTree = "<group>"; };
		13BE1C282445BCCE00E0E5C0 /* LearnDevelopTests.xctest */ = {isa = PBXFileReference; explicitFileType = wrapper.cfbundle; includeInIndex = 0; path = LearnDevelopTests.xctest; sourceTree = BUILT_PRODUCTS_DIR; };
		13BE1C2C2445BCCE00E0E5C0 /* LearnDevelopTests.m */ = {isa = PBXFileReference; lastKnownFileType = sourcecode.c.objc; path = LearnDevelopTests.m; sourceTree = "<group>"; };
		13BE1C2E2445BCCE00E0E5C0 /* Info.plist */ = {isa = PBXFileReference; lastKnownFileType = text.plist.xml; path = Info.plist; sourceTree = "<group>"; };
		13BE1C332445BCCE00E0E5C0 /* LearnDevelopUITests.xctest */ = {isa = PBXFileReference; explicitFileType = wrapper.cfbundle; includeInIndex = 0; path = LearnDevelopUITests.xctest; sourceTree = BUILT_PRODUCTS_DIR; };
		13BE1C372445BCCE00E0E5C0 /* LearnDevelopUITests.m */ = {isa = PBXFileReference; lastKnownFileType = sourcecode.c.objc; path = LearnDevelopUITests.m; sourceTree = "<group>"; };
		13BE1C392445BCCE00E0E5C0 /* Info.plist */ = {isa = PBXFileReference; lastKnownFileType = text.plist.xml; path = Info.plist; sourceTree = "<group>"; };
/* End PBXFileReference section */

/* Begin PBXFrameworksBuildPhase section */
		13BE1C0D2445BCCC00E0E5C0 /* Frameworks */ = {
			isa = PBXFrameworksBuildPhase;
			buildActionMask = 2147483647;
			files = (
			);
			runOnlyForDeploymentPostprocessing = 0;
		};
		13BE1C252445BCCE00E0E5C0 /* Frameworks */ = {
			isa = PBXFrameworksBuildPhase;
			buildActionMask = 2147483647;
			files = (
			);
			runOnlyForDeploymentPostprocessing = 0;
		};
		13BE1C302445BCCE00E0E5C0 /* Frameworks */ = {
			isa = PBXFrameworksBuildPhase;
			buildActionMask = 2147483647;
			files = (
			);
			runOnlyForDeploymentPostprocessing = 0;
		};
/* End PBXFrameworksBuildPhase section */

/* Begin PBXGroup section */
		13BE1C072445BCCC00E0E5C0 = {
			isa = PBXGroup;
			children = (
				13BE1C122445BCCD00E0E5C0 /* LearnDevelop */,
				13BE1C2B2445BCCE00E0E5C0 /* LearnDevelopTests */,
				13BE1C362445BCCE00E0E5C0 /* LearnDevelopUITests */,
				13BE1C112445BCCD00E0E5C0 /* Products */,
			);
			sourceTree = "<group>";
		};
		13BE1C112445BCCD00E0E5C0 /* Products */ = {
			isa = PBXGroup;
			children = (
				13BE1C102445BCCD00E0E5C0 /* LearnDevelop.app */,
				13BE1C282445BCCE00E0E5C0 /* LearnDevelopTests.xctest */,
				13BE1C332445BCCE00E0E5C0 /* LearnDevelopUITests.xctest */,
			);
			name = Products;
			sourceTree = "<group>";
		};
		13BE1C122445BCCD00E0E5C0 /* LearnDevelop */ = {
			isa = PBXGroup;
			children = (
				13BE1C132445BCCD00E0E5C0 /* AppDelegate.h */,
				13BE1C142445BCCD00E0E5C0 /* AppDelegate.m */,
				13BE1C162445BCCD00E0E5C0 /* ViewController.h */,
				13BE1C172445BCCD00E0E5C0 /* ViewController.m */,
				13BE1C192445BCCD00E0E5C0 /* Main.storyboard */,
				13BE1C1C2445BCCE00E0E5C0 /* Assets.xcassets */,
				13BE1C1E2445BCCE00E0E5C0 /* LaunchScreen.storyboard */,
				13BE1C212445BCCE00E0E5C0 /* Info.plist */,
				13BE1C222445BCCE00E0E5C0 /* main.m */,
				13BB18F12446A6E0005A5913 /* SampleProtocol.h */,
				13BB18F22446A84A005A5913 /* SampleProtocol.m */,
			);
			path = LearnDevelop;
			sourceTree = "<group>";
		};
		13BE1C2B2445BCCE00E0E5C0 /* LearnDevelopTests */ = {
			isa = PBXGroup;
			children = (
				13BE1C2C2445BCCE00E0E5C0 /* LearnDevelopTests.m */,
				13BE1C2E2445BCCE00E0E5C0 /* Info.plist */,
			);
			path = LearnDevelopTests;
			sourceTree = "<group>";
		};
		13BE1C362445BCCE00E0E5C0 /* LearnDevelopUITests */ = {
			isa = PBXGroup;
			children = (
				13BE1C372445BCCE00E0E5C0 /* LearnDevelopUITests.m */,
				13BE1C392445BCCE00E0E5C0 /* Info.plist */,
			);
			path = LearnDevelopUITests;
			sourceTree = "<group>";
		};
/* End PBXGroup section */

/* Begin PBXNativeTarget section */
		13BE1C0F2445BCCC00E0E5C0 /* LearnDevelop */ = {
			isa = PBXNativeTarget;
			buildConfigurationList = 13BE1C3C2445BCCE00E0E5C0 /* Build configuration list for PBXNativeTarget "LearnDevelop" */;
			buildPhases = (
				13BE1C0C2445BCCC00E0E5C0 /* Sources */,
				13BE1C0D2445BCCC00E0E5C0 /* Frameworks */,
				13BE1C0E2445BCCC00E0E5C0 /* Resources */,
			);
			buildRules = (
			);
			dependencies = (
			);
			name = LearnDevelop;
			productName = LearnDevelop;
			productReference = 13BE1C102445BCCD00E0E5C0 /* LearnDevelop.app */;
			productType = "com.apple.product-type.application";
		};
		13BE1C272445BCCE00E0E5C0 /* LearnDevelopTests */ = {
			isa = PBXNativeTarget;
			buildConfigurationList = 13BE1C3F2445BCCE00E0E5C0 /* Build configuration list for PBXNativeTarget "LearnDevelopTests" */;
			buildPhases = (
				13BE1C242445BCCE00E0E5C0 /* Sources */,
				13BE1C252445BCCE00E0E5C0 /* Frameworks */,
				13BE1C262445BCCE00E0E5C0 /* Resources */,
			);
			buildRules = (
			);
			dependencies = (
				13BE1C2A2445BCCE00E0E5C0 /* PBXTargetDependency */,
			);
			name = LearnDevelopTests;
			productName = LearnDevelopTests;
			productReference = 13BE1C282445BCCE00E0E5C0 /* LearnDevelopTests.xctest */;
			productType = "com.apple.product-type.bundle.unit-test";
		};
		13BE1C322445BCCE00E0E5C0 /* LearnDevelopUITests */ = {
			isa = PBXNativeTarget;
			buildConfigurationList = 13BE1C422445BCCE00E0E5C0 /* Build configuration list for PBXNativeTarget "LearnDevelopUITests" */;
			buildPhases = (
				13BE1C2F2445BCCE00E0E5C0 /* Sources */,
				13BE1C302445BCCE00E0E5C0 /* Frameworks */,
				13BE1C312445BCCE00E0E5C0 /* Resources */,
			);
			buildRules = (
			);
			dependencies = (
				13BE1C352445BCCE00E0E5C0 /* PBXTargetDependency */,
			);
			name = LearnDevelopUITests;
			productName = LearnDevelopUITests;
			productReference = 13BE1C332445BCCE00E0E5C0 /* LearnDevelopUITests.xctest */;
			productType = "com.apple.product-type.bundle.ui-testing";
		};
/* End PBXNativeTarget section */

/* Begin PBXProject section */
		13BE1C082445BCCC00E0E5C0 /* Project object */ = {
			isa = PBXProject;
			attributes = {
				LastUpgradeCheck = 0900;
				ORGANIZATIONNAME = chuckchan;
				TargetAttributes = {
					13BE1C0F2445BCCC00E0E5C0 = {
						CreatedOnToolsVersion = 9.0;
						ProvisioningStyle = Automatic;
					};
					13BE1C272445BCCE00E0E5C0 = {
						CreatedOnToolsVersion = 9.0;
						ProvisioningStyle = Automatic;
						TestTargetID = 13BE1C0F2445BCCC00E0E5C0;
					};
					13BE1C322445BCCE00E0E5C0 = {
						CreatedOnToolsVersion = 9.0;
						ProvisioningStyle = Automatic;
						TestTargetID = 13BE1C0F2445BCCC00E0E5C0;
					};
				};
			};
			buildConfigurationList = 13BE1C0B2445BCCC00E0E5C0 /* Build configuration list for PBXProject "LearnDevelop" */;
			compatibilityVersion = "Xcode 8.0";
			developmentRegion = en;
			hasScannedForEncodings = 0;
			knownRegions = (
				en,
				Base,
			);
			mainGroup = 13BE1C072445BCCC00E0E5C0;
			productRefGroup = 13BE1C112445BCCD00E0E5C0 /* Products */;
			projectDirPath = "";
			projectRoot = "";
			targets = (
				13BE1C0F2445BCCC00E0E5C0 /* LearnDevelop */,
				13BE1C272445BCCE00E0E5C0 /* LearnDevelopTests */,
				13BE1C322445BCCE00E0E5C0 /* LearnDevelopUITests */,
			);
		};
/* End PBXProject section */

/* Begin PBXResourcesBuildPhase section */
		13BE1C0E2445BCCC00E0E5C0 /* Resources */ = {
			isa = PBXResourcesBuildPhase;
			buildActionMask = 2147483647;
			files = (
				13BE1C202445BCCE00E0E5C0 /* LaunchScreen.storyboard in Resources */,
				13BE1C1D2445BCCE00E0E5C0 /* Assets.xcassets in Resources */,
				13BE1C1B2445BCCD00E0E5C0 /* Main.storyboard in Resources */,
			);
			runOnlyForDeploymentPostprocessing = 0;
		};
		13BE1C262445BCCE00E0E5C0 /* Resources */ = {
			isa = PBXResourcesBuildPhase;
			buildActionMask = 2147483647;
			files = (
			);
			runOnlyForDeploymentPostprocessing = 0;
		};
		13BE1C312445BCCE00E0E5C0 /* Resources */ = {
			isa = PBXResourcesBuildPhase;
			buildActionMask = 2147483647;
			files = (
			);
			runOnlyForDeploymentPostprocessing = 0;
		};
/* End PBXResourcesBuildPhase section */

/* Begin PBXSourcesBuildPhase section */
		13BE1C0C2445BCCC00E0E5C0 /* Sources */ = {
			isa = PBXSourcesBuildPhase;
			buildActionMask = 2147483647;
			files = (
				13BE1C182445BCCD00E0E5C0 /* ViewController.m in Sources */,
				13BE1C232445BCCE00E0E5C0 /* main.m in Sources */,
				13BE1C152445BCCD00E0E5C0 /* AppDelegate.m in Sources */,
				13BB18F32446A84A005A5913 /* SampleProtocol.m in Sources */,
			);
			runOnlyForDeploymentPostprocessing = 0;
		};
		13BE1C242445BCCE00E0E5C0 /* Sources */ = {
			isa = PBXSourcesBuildPhase;
			buildActionMask = 2147483647;
			files = (
				13BE1C2D2445BCCE00E0E5C0 /* LearnDevelopTests.m in Sources */,
			);
			runOnlyForDeploymentPostprocessing = 0;
		};
		13BE1C2F2445BCCE00E0E5C0 /* Sources */ = {
			isa = PBXSourcesBuildPhase;
			buildActionMask = 2147483647;
			files = (
				13BE1C382445BCCE00E0E5C0 /* LearnDevelopUITests.m in Sources */,
			);
			runOnlyForDeploymentPostprocessing = 0;
		};
/* End PBXSourcesBuildPhase section */

/* Begin PBXTargetDependency section */
		13BE1C2A2445BCCE00E0E5C0 /* PBXTargetDependency */ = {
			isa = PBXTargetDependency;
			target = 13BE1C0F2445BCCC00E0E5C0 /* LearnDevelop */;
			targetProxy = 13BE1C292445BCCE00E0E5C0 /* PBXContainerItemProxy */;
		};
		13BE1C352445BCCE00E0E5C0 /* PBXTargetDependency */ = {
			isa = PBXTargetDependency;
			target = 13BE1C0F2445BCCC00E0E5C0 /* LearnDevelop */;
			targetProxy = 13BE1C342445BCCE00E0E5C0 /* PBXContainerItemProxy */;
		};
/* End PBXTargetDependency section */

/* Begin PBXVariantGroup section */
		13BE1C192445BCCD00E0E5C0 /* Main.storyboard */ = {
			isa = PBXVariantGroup;
			children = (
				13BE1C1A2445BCCD00E0E5C0 /* Base */,
			);
			name = Main.storyboard;
			sourceTree = "<group>";
		};
		13BE1C1E2445BCCE00E0E5C0 /* LaunchScreen.storyboard */ = {
			isa = PBXVariantGroup;
			children = (
				13BE1C1F2445BCCE00E0E5C0 /* Base */,
			);
			name = LaunchScreen.storyboard;
			sourceTree = "<group>";
		};
/* End PBXVariantGroup section */

/* Begin XCBuildConfiguration section */
		13BE1C3A2445BCCE00E0E5C0 /* Debug */ = {
			isa = XCBuildConfiguration;
			buildSettings = {
				ALWAYS_SEARCH_USER_PATHS = NO;
				CLANG_ANALYZER_NONNULL = YES;
				CLANG_ANALYZER_NUMBER_OBJECT_CONVERSION = YES_AGGRESSIVE;
				CLANG_CXX_LANGUAGE_STANDARD = "gnu++14";
				CLANG_CXX_LIBRARY = "libc++";
				CLANG_ENABLE_MODULES = YES;
				CLANG_ENABLE_OBJC_ARC = YES;
				CLANG_WARN_BLOCK_CAPTURE_AUTORELEASING = YES;
				CLANG_WARN_BOOL_CONVERSION = YES;
				CLANG_WARN_COMMA = YES;
				CLANG_WARN_CONSTANT_CONVERSION = YES;
				CLANG_WARN_DIRECT_OBJC_ISA_USAGE = YES_ERROR;
				CLANG_WARN_DOCUMENTATION_COMMENTS = YES;
				CLANG_WARN_EMPTY_BODY = YES;
				CLANG_WARN_ENUM_CONVERSION = YES;
				CLANG_WARN_INFINITE_RECURSION = YES;
				CLANG_WARN_INT_CONVERSION = YES;
				CLANG_WARN_NON_LITERAL_NULL_CONVERSION = YES;
				CLANG_WARN_OBJC_LITERAL_CONVERSION = YES;
				CLANG_WARN_OBJC_ROOT_CLASS = YES_ERROR;
				CLANG_WARN_RANGE_LOOP_ANALYSIS = YES;
				CLANG_WARN_STRICT_PROTOTYPES = YES;
				CLANG_WARN_SUSPICIOUS_MOVE = YES;
				CLANG_WARN_UNGUARDED_AVAILABILITY = YES_AGGRESSIVE;
				CLANG_WARN_UNREACHABLE_CODE = YES;
				CLANG_WARN__DUPLICATE_METHOD_MATCH = YES;
				CODE_SIGN_IDENTITY = "iPhone Developer";
				COPY_PHASE_STRIP = NO;
				DEBUG_INFORMATION_FORMAT = dwarf;
				ENABLE_STRICT_OBJC_MSGSEND = YES;
				ENABLE_TESTABILITY = YES;
				GCC_C_LANGUAGE_STANDARD = gnu11;
				GCC_DYNAMIC_NO_PIC = NO;
				GCC_NO_COMMON_BLOCKS = YES;
				GCC_OPTIMIZATION_LEVEL = 0;
				GCC_PREPROCESSOR_DEFINITIONS = (
					"DEBUG=1",
					"$(inherited)",
				);
				GCC_WARN_64_TO_32_BIT_CONVERSION = YES;
				GCC_WARN_ABOUT_RETURN_TYPE = YES_ERROR;
				GCC_WARN_UNDECLARED_SELECTOR = YES;
				GCC_WARN_UNINITIALIZED_AUTOS = YES_AGGRESSIVE;
				GCC_WARN_UNUSED_FUNCTION = YES;
				GCC_WARN_UNUSED_VARIABLE = YES;
				IPHONEOS_DEPLOYMENT_TARGET = 11.0;
				MTL_ENABLE_DEBUG_INFO = YES;
				ONLY_ACTIVE_ARCH = YES;
				SDKROOT = iphoneos;
			};
			name = Debug;
		};
		13BE1C3B2445BCCE00E0E5C0 /* Release */ = {
			isa = XCBuildConfiguration;
			buildSettings = {
				ALWAYS_SEARCH_USER_PATHS = NO;
				CLANG_ANALYZER_NONNULL = YES;
				CLANG_ANALYZER_NUMBER_OBJECT_CONVERSION = YES_AGGRESSIVE;
				CLANG_CXX_LANGUAGE_STANDARD = "gnu++14";
				CLANG_CXX_LIBRARY = "libc++";
				CLANG_ENABLE_MODULES = YES;
				CLANG_ENABLE_OBJC_ARC = YES;
				CLANG_WARN_BLOCK_CAPTURE_AUTORELEASING = YES;
				CLANG_WARN_BOOL_CONVERSION = YES;
				CLANG_WARN_COMMA = YES;
				CLANG_WARN_CONSTANT_CONVERSION = YES;
				CLANG_WARN_DIRECT_OBJC_ISA_USAGE = YES_ERROR;
				CLANG_WARN_DOCUMENTATION_COMMENTS = YES;
				CLANG_WARN_EMPTY_BODY = YES;
				CLANG_WARN_ENUM_CONVERSION = YES;
				CLANG_WARN_INFINITE_RECURSION = YES;
				CLANG_WARN_INT_CONVERSION = YES;
				CLANG_WARN_NON_LITERAL_NULL_CONVERSION = YES;
				CLANG_WARN_OBJC_LITERAL_CONVERSION = YES;
				CLANG_WARN_OBJC_ROOT_CLASS = YES_ERROR;
				CLANG_WARN_RANGE_LOOP_ANALYSIS = YES;
				CLANG_WARN_STRICT_PROTOTYPES = YES;
				CLANG_WARN_SUSPICIOUS_MOVE = YES;
				CLANG_WARN_UNGUARDED_AVAILABILITY = YES_AGGRESSIVE;
				CLANG_WARN_UNREACHABLE_CODE = YES;
				CLANG_WARN__DUPLICATE_METHOD_MATCH = YES;
				CODE_SIGN_IDENTITY = "iPhone Developer";
				COPY_PHASE_STRIP = NO;
				DEBUG_INFORMATION_FORMAT = "dwarf-with-dsym";
				ENABLE_NS_ASSERTIONS = NO;
				ENABLE_STRICT_OBJC_MSGSEND = YES;
				GCC_C_LANGUAGE_STANDARD = gnu11;
				GCC_NO_COMMON_BLOCKS = YES;
				GCC_WARN_64_TO_32_BIT_CONVERSION = YES;
				GCC_WARN_ABOUT_RETURN_TYPE = YES_ERROR;
				GCC_WARN_UNDECLARED_SELECTOR = YES;
				GCC_WARN_UNINITIALIZED_AUTOS = YES_AGGRESSIVE;
				GCC_WARN_UNUSED_FUNCTION = YES;
				GCC_WARN_UNUSED_VARIABLE = YES;
				IPHONEOS_DEPLOYMENT_TARGET = 11.0;
				MTL_ENABLE_DEBUG_INFO = NO;
				SDKROOT = iphoneos;
				VALIDATE_PRODUCT = YES;
			};
			name = Release;
		};
		13BE1C3D2445BCCE00E0E5C0 /* Debug */ = {
			isa = XCBuildConfiguration;
			buildSettings = {
				ASSETCATALOG_COMPILER_APPICON_NAME = AppIcon;
				CODE_SIGN_STYLE = Automatic;
				DEVELOPMENT_TEAM = 328A3KDV4A;
				INFOPLIST_FILE = LearnDevelop/Info.plist;
				LD_RUNPATH_SEARCH_PATHS = "$(inherited) @executable_path/Frameworks";
				PRODUCT_BUNDLE_IDENTIFIER = chuck.LearnDevelop;
				PRODUCT_NAME = "$(TARGET_NAME)";
				TARGETED_DEVICE_FAMILY = "1,2";
			};
			name = Debug;
		};
		13BE1C3E2445BCCE00E0E5C0 /* Release */ = {
			isa = XCBuildConfiguration;
			buildSettings = {
				ASSETCATALOG_COMPILER_APPICON_NAME = AppIcon;
				CODE_SIGN_STYLE = Automatic;
				DEVELOPMENT_TEAM = 328A3KDV4A;
				INFOPLIST_FILE = LearnDevelop/Info.plist;
				LD_RUNPATH_SEARCH_PATHS = "$(inherited) @executable_path/Frameworks";
				PRODUCT_BUNDLE_IDENTIFIER = chuck.LearnDevelop;
				PRODUCT_NAME = "$(TARGET_NAME)";
				TARGETED_DEVICE_FAMILY = "1,2";
			};
			name = Release;
		};
		13BE1C402445BCCE00E0E5C0 /* Debug */ = {
			isa = XCBuildConfiguration;
			buildSettings = {
				BUNDLE_LOADER = "$(TEST_HOST)";
				CODE_SIGN_STYLE = Automatic;
				DEVELOPMENT_TEAM = 328A3KDV4A;
				INFOPLIST_FILE = LearnDevelopTests/Info.plist;
				LD_RUNPATH_SEARCH_PATHS = "$(inherited) @executable_path/Frameworks @loader_path/Frameworks";
				PRODUCT_BUNDLE_IDENTIFIER = chuck.LearnDevelopTests;
				PRODUCT_NAME = "$(TARGET_NAME)";
				TARGETED_DEVICE_FAMILY = "1,2";
				TEST_HOST = "$(BUILT_PRODUCTS_DIR)/LearnDevelop.app/LearnDevelop";
			};
			name = Debug;
		};
		13BE1C412445BCCE00E0E5C0 /* Release */ = {
			isa = XCBuildConfiguration;
			buildSettings = {
				BUNDLE_LOADER = "$(TEST_HOST)";
				CODE_SIGN_STYLE = Automatic;
				DEVELOPMENT_TEAM = 328A3KDV4A;
				INFOPLIST_FILE = LearnDevelopTests/Info.plist;
				LD_RUNPATH_SEARCH_PATHS = "$(inherited) @executable_path/Frameworks @loader_path/Frameworks";
				PRODUCT_BUNDLE_IDENTIFIER = chuck.LearnDevelopTests;
				PRODUCT_NAME = "$(TARGET_NAME)";
				TARGETED_DEVICE_FAMILY = "1,2";
				TEST_HOST = "$(BUILT_PRODUCTS_DIR)/LearnDevelop.app/LearnDevelop";
			};
			name = Release;
		};
		13BE1C432445BCCE00E0E5C0 /* Debug */ = {
			isa = XCBuildConfiguration;
			buildSettings = {
				CODE_SIGN_STYLE = Automatic;
				DEVELOPMENT_TEAM = 328A3KDV4A;
				INFOPLIST_FILE = LearnDevelopUITests/Info.plist;
				LD_RUNPATH_SEARCH_PATHS = "$(inherited) @executable_path/Frameworks @loader_path/Frameworks";
				PRODUCT_BUNDLE_IDENTIFIER = chuck.LearnDevelopUITests;
				PRODUCT_NAME = "$(TARGET_NAME)";
				TARGETED_DEVICE_FAMILY = "1,2";
				TEST_TARGET_NAME = LearnDevelop;
			};
			name = Debug;
		};
		13BE1C442445BCCE00E0E5C0 /* Release */ = {
			isa = XCBuildConfiguration;
			buildSettings = {
				CODE_SIGN_STYLE = Automatic;
				DEVELOPMENT_TEAM = 328A3KDV4A;
				INFOPLIST_FILE = LearnDevelopUITests/Info.plist;
				LD_RUNPATH_SEARCH_PATHS = "$(inherited) @executable_path/Frameworks @loader_path/Frameworks";
				PRODUCT_BUNDLE_IDENTIFIER = chuck.LearnDevelopUITests;
				PRODUCT_NAME = "$(TARGET_NAME)";
				TARGETED_DEVICE_FAMILY = "1,2";
				TEST_TARGET_NAME = LearnDevelop;
			};
			name = Release;
		};
/* End XCBuildConfiguration section */

/* Begin XCConfigurationList section */
		13BE1C0B2445BCCC00E0E5C0 /* Build configuration list for PBXProject "LearnDevelop" */ = {
			isa = XCConfigurationList;
			buildConfigurations = (
				13BE1C3A2445BCCE00E0E5C0 /* Debug */,
				13BE1C3B2445BCCE00E0E5C0 /* Release */,
			);
			defaultConfigurationIsVisible = 0;
			defaultConfigurationName = Release;
		};
		13BE1C3C2445BCCE00E0E5C0 /* Build configuration list for PBXNativeTarget "LearnDevelop" */ = {
			isa = XCConfigurationList;
			buildConfigurations = (
				13BE1C3D2445BCCE00E0E5C0 /* Debug */,
				13BE1C3E2445BCCE00E0E5C0 /* Release */,
			);
			defaultConfigurationIsVisible = 0;
			defaultConfigurationName = Release;
		};
		13BE1C3F2445BCCE00E0E5C0 /* Build configuration list for PBXNativeTarget "LearnDevelopTests" */ = {
			isa = XCConfigurationList;
			buildConfigurations = (
				13BE1C402445BCCE00E0E5C0 /* Debug */,
				13BE1C412445BCCE00E0E5C0 /* Release */,
			);
			defaultConfigurationIsVisible = 0;
			defaultConfigurationName = Release;
		};
		13BE1C422445BCCE00E0E5C0 /* Build configuration list for PBXNativeTarget "LearnDevelopUITests" */ = {
			isa = XCConfigurationList;
			buildConfigurations = (
				13BE1C432445BCCE00E0E5C0 /* Debug */,
				13BE1C442445BCCE00E0E5C0 /* Release */,
			);
			defaultConfigurationIsVisible = 0;
			defaultConfigurationName = Release;
		};
/* End XCConfigurationList section */
	};
	rootObject = 13BE1C082445BCCC00E0E5C0 /* Project object */;
}
