// !$*UTF8*$!
{
	archiveVersion = 1;
	classes = {
	};
	objectVersion = 46;
	objects = {

/* Begin PBXBuildFile section */
		13BBD6BE1C2CEC15000BD4B7 /* AppDelegate.swift in Sources */ = {isa = PBXBuildFile; fileRef = 13BBD6BD1C2CEC15000BD4B7 /* AppDelegate.swift */; };
		13BBD6C01C2CEC15000BD4B7 /* ViewController.swift in Sources */ = {isa = PBXBuildFile; fileRef = 13BBD6BF1C2CEC15000BD4B7 /* ViewController.swift */; };
		13BBD6C31C2CEC15000BD4B7 /* Main.storyboard in Resources */ = {isa = PBXBuildFile; fileRef = 13BBD6C11C2CEC15000BD4B7 /* Main.storyboard */; };
		13BBD6C51C2CEC15000BD4B7 /* Assets.xcassets in Resources */ = {isa = PBXBuildFile; fileRef = 13BBD6C41C2CEC15000BD4B7 /* Assets.xcassets */; };
		13BBD6C81C2CEC15000BD4B7 /* LaunchScreen.storyboard in Resources */ = {isa = PBXBuildFile; fileRef = 13BBD6C61C2CEC15000BD4B7 /* LaunchScreen.storyboard */; };
/* End PBXBuildFile section */

/* Begin PBXFileReference section */
		13BBD6BA1C2CEC15000BD4B7 /* LocationTest.app */ = {isa = PBXFileReference; explicitFileType = wrapper.application; includeInIndex = 0; path = LocationTest.app; sourceTree = BUILT_PRODUCTS_DIR; };
		13BBD6BD1C2CEC15000BD4B7 /* AppDelegate.swift */ = {isa = PBXFileReference; lastKnownFileType = sourcecode.swift; path = AppDelegate.swift; sourceTree = "<group>"; };
		13BBD6BF1C2CEC15000BD4B7 /* ViewController.swift */ = {isa = PBXFileReference; lastKnownFileType = sourcecode.swift; path = ViewController.swift; sourceTree = "<group>"; };
		13BBD6C21C2CEC15000BD4B7 /* Base */ = {isa = PBXFileReference; lastKnownFileType = file.storyboard; name = Base; path = Base.lproj/Main.storyboard; sourceTree = "<group>"; };
		13BBD6C41C2CEC15000BD4B7 /* Assets.xcassets */ = {isa = PBXFileReference; lastKnownFileType = folder.assetcatalog; path = Assets.xcassets; sourceTree = "<group>"; };
		13BBD6C71C2CEC15000BD4B7 /* Base */ = {isa = PBXFileReference; lastKnownFileType = file.storyboard; name = Base; path = Base.lproj/LaunchScreen.storyboard; sourceTree = "<group>"; };
		13BBD6C91C2CEC15000BD4B7 /* Info.plist */ = {isa = PBXFileReference; lastKnownFileType = text.plist.xml; path = Info.plist; sourceTree = "<group>"; };
/* End PBXFileReference section */

/* Begin PBXFrameworksBuildPhase section */
		13BBD6B71C2CEC15000BD4B7 /* Frameworks */ = {
			isa = PBXFrameworksBuildPhase;
			buildActionMask = 2147483647;
			files = (
			);
			runOnlyForDeploymentPostprocessing = 0;
		};
/* End PBXFrameworksBuildPhase section */

/* Begin PBXGroup section */
		13BBD6B11C2CEC15000BD4B7 = {
			isa = PBXGroup;
			children = (
				13BBD6BC1C2CEC15000BD4B7 /* LocationTest */,
				13BBD6BB1C2CEC15000BD4B7 /* Products */,
			);
			sourceTree = "<group>";
		};
		13BBD6BB1C2CEC15000BD4B7 /* Products */ = {
			isa = PBXGroup;
			children = (
				13BBD6BA1C2CEC15000BD4B7 /* LocationTest.app */,
			);
			name = Products;
			sourceTree = "<group>";
		};
		13BBD6BC1C2CEC15000BD4B7 /* LocationTest */ = {
			isa = PBXGroup;
			children = (
				13BBD6BD1C2CEC15000BD4B7 /* AppDelegate.swift */,
				13BBD6BF1C2CEC15000BD4B7 /* ViewController.swift */,
				13BBD6C11C2CEC15000BD4B7 /* Main.storyboard */,
				13BBD6C41C2CEC15000BD4B7 /* Assets.xcassets */,
				13BBD6C61C2CEC15000BD4B7 /* LaunchScreen.storyboard */,
				13BBD6C91C2CEC15000BD4B7 /* Info.plist */,
			);
			path = LocationTest;
			sourceTree = "<group>";
		};
/* End PBXGroup section */

/* Begin PBXNativeTarget section */
		13BBD6B91C2CEC15000BD4B7 /* LocationTest */ = {
			isa = PBXNativeTarget;
			buildConfigurationList = 13BBD6CC1C2CEC15000BD4B7 /* Build configuration list for PBXNativeTarget "LocationTest" */;
			buildPhases = (
				13BBD6B61C2CEC15000BD4B7 /* Sources */,
				13BBD6B71C2CEC15000BD4B7 /* Frameworks */,
				13BBD6B81C2CEC15000BD4B7 /* Resources */,
			);
			buildRules = (
			);
			dependencies = (
			);
			name = LocationTest;
			productName = LocationTest;
			productReference = 13BBD6BA1C2CEC15000BD4B7 /* LocationTest.app */;
			productType = "com.apple.product-type.application";
		};
/* End PBXNativeTarget section */

/* Begin PBXProject section */
		13BBD6B21C2CEC15000BD4B7 /* Project object */ = {
			isa = PBXProject;
			attributes = {
				LastSwiftUpdateCheck = 0710;
				LastUpgradeCheck = 0710;
				ORGANIZATIONNAME = chuck;
				TargetAttributes = {
					13BBD6B91C2CEC15000BD4B7 = {
						CreatedOnToolsVersion = 7.1.1;
					};
				};
			};
			buildConfigurationList = 13BBD6B51C2CEC15000BD4B7 /* Build configuration list for PBXProject "LocationTest" */;
			compatibilityVersion = "Xcode 3.2";
			developmentRegion = English;
			hasScannedForEncodings = 0;
			knownRegions = (
				en,
				Base,
			);
			mainGroup = 13BBD6B11C2CEC15000BD4B7;
			productRefGroup = 13BBD6BB1C2CEC15000BD4B7 /* Products */;
			projectDirPath = "";
			projectRoot = "";
			targets = (
				13BBD6B91C2CEC15000BD4B7 /* LocationTest */,
			);
		};
/* End PBXProject section */

/* Begin PBXResourcesBuildPhase section */
		13BBD6B81C2CEC15000BD4B7 /* Resources */ = {
			isa = PBXResourcesBuildPhase;
			buildActionMask = 2147483647;
			files = (
				13BBD6C81C2CEC15000BD4B7 /* LaunchScreen.storyboard in Resources */,
				13BBD6C51C2CEC15000BD4B7 /* Assets.xcassets in Resources */,
				13BBD6C31C2CEC15000BD4B7 /* Main.storyboard in Resources */,
			);
			runOnlyForDeploymentPostprocessing = 0;
		};
/* End PBXResourcesBuildPhase section */

/* Begin PBXSourcesBuildPhase section */
		13BBD6B61C2CEC15000BD4B7 /* Sources */ = {
			isa = PBXSourcesBuildPhase;
			buildActionMask = 2147483647;
			files = (
				13BBD6C01C2CEC15000BD4B7 /* ViewController.swift in Sources */,
				13BBD6BE1C2CEC15000BD4B7 /* AppDelegate.swift in Sources */,
			);
			runOnlyForDeploymentPostprocessing = 0;
		};
/* End PBXSourcesBuildPhase section */

/* Begin PBXVariantGroup section */
		13BBD6C11C2CEC15000BD4B7 /* Main.storyboard */ = {
			isa = PBXVariantGroup;
			children = (
				13BBD6C21C2CEC15000BD4B7 /* Base */,
			);
			name = Main.storyboard;
			sourceTree = "<group>";
		};
		13BBD6C61C2CEC15000BD4B7 /* LaunchScreen.storyboard */ = {
			isa = PBXVariantGroup;
			children = (
				13BBD6C71C2CEC15000BD4B7 /* Base */,
			);
			name = LaunchScreen.storyboard;
			sourceTree = "<group>";
		};
/* End PBXVariantGroup section */

/* Begin XCBuildConfiguration section */
		13BBD6CA1C2CEC15000BD4B7 /* Debug */ = {
			isa = XCBuildConfiguration;
			buildSettings = {
				ALWAYS_SEARCH_USER_PATHS = NO;
				CLANG_CXX_LANGUAGE_STANDARD = "gnu++0x";
				CLANG_CXX_LIBRARY = "libc++";
				CLANG_ENABLE_MODULES = YES;
				CLANG_ENABLE_OBJC_ARC = YES;
				CLANG_WARN_BOOL_CONVERSION = YES;
				CLANG_WARN_CONSTANT_CONVERSION = YES;
				CLANG_WARN_DIRECT_OBJC_ISA_USAGE = YES_ERROR;
				CLANG_WARN_EMPTY_BODY = YES;
				CLANG_WARN_ENUM_CONVERSION = YES;
				CLANG_WARN_INT_CONVERSION = YES;
				CLANG_WARN_OBJC_ROOT_CLASS = YES_ERROR;
				CLANG_WARN_UNREACHABLE_CODE = YES;
				CLANG_WARN__DUPLICATE_METHOD_MATCH = YES;
				"CODE_SIGN_IDENTITY[sdk=iphoneos*]" = "iPhone Developer";
				COPY_PHASE_STRIP = NO;
				DEBUG_INFORMATION_FORMAT = dwarf;
				ENABLE_STRICT_OBJC_MSGSEND = YES;
				ENABLE_TESTABILITY = YES;
				GCC_C_LANGUAGE_STANDARD = gnu99;
				GCC_DYNAMIC_NO_PIC = NO;
				GCC_NO_COMMON_BLOCKS = YES;
				GCC_OPTIMIZATION_LEVEL = 0;
				GCC_PREPROCESSOR_DEFINITIONS = (
					"DEBUG=1",
					"$(inherited)",
				);
				GCC_WARN_64_TO_32_BIT_CONVERSION = YES;
				GCC_WARN_ABOUT_RETURN_TYPE = YES_ERROR;
				GCC_WARN_UNDECLARED_SELECTOR = YES;
				GCC_WARN_UNINITIALIZED_AUTOS = YES_AGGRESSIVE;
				GCC_WARN_UNUSED_FUNCTION = YES;
				GCC_WARN_UNUSED_VARIABLE = YES;
				IPHONEOS_DEPLOYMENT_TARGET = 9.1;
				MTL_ENABLE_DEBUG_INFO = YES;
				ONLY_ACTIVE_ARCH = YES;
				SDKROOT = iphoneos;
				SWIFT_OPTIMIZATION_LEVEL = "-Onone";
				TARGETED_DEVICE_FAMILY = "1,2";
			};
			name = Debug;
		};
		13BBD6CB1C2CEC15000BD4B7 /* Release */ = {
			isa = XCBuildConfiguration;
			buildSettings = {
				ALWAYS_SEARCH_USER_PATHS = NO;
				CLANG_CXX_LANGUAGE_STANDARD = "gnu++0x";
				CLANG_CXX_LIBRARY = "libc++";
				CLANG_ENABLE_MODULES = YES;
				CLANG_ENABLE_OBJC_ARC = YES;
				CLANG_WARN_BOOL_CONVERSION = YES;
				CLANG_WARN_CONSTANT_CONVERSION = YES;
				CLANG_WARN_DIRECT_OBJC_ISA_USAGE = YES_ERROR;
				CLANG_WARN_EMPTY_BODY = YES;
				CLANG_WARN_ENUM_CONVERSION = YES;
				CLANG_WARN_INT_CONVERSION = YES;
				CLANG_WARN_OBJC_ROOT_CLASS = YES_ERROR;
				CLANG_WARN_UNREACHABLE_CODE = YES;
				CLANG_WARN__DUPLICATE_METHOD_MATCH = YES;
				"CODE_SIGN_IDENTITY[sdk=iphoneos*]" = "iPhone Developer";
				COPY_PHASE_STRIP = NO;
				DEBUG_INFORMATION_FORMAT = "dwarf-with-dsym";
				ENABLE_NS_ASSERTIONS = NO;
				ENABLE_STRICT_OBJC_MSGSEND = YES;
				GCC_C_LANGUAGE_STANDARD = gnu99;
				GCC_NO_COMMON_BLOCKS = YES;
				GCC_WARN_64_TO_32_BIT_CONVERSION = YES;
				GCC_WARN_ABOUT_RETURN_TYPE = YES_ERROR;
				GCC_WARN_UNDECLARED_SELECTOR = YES;
				GCC_WARN_UNINITIALIZED_AUTOS = YES_AGGRESSIVE;
				GCC_WARN_UNUSED_FUNCTION = YES;
				GCC_WARN_UNUSED_VARIABLE = YES;
				IPHONEOS_DEPLOYMENT_TARGET = 9.1;
				MTL_ENABLE_DEBUG_INFO = NO;
				SDKROOT = iphoneos;
				TARGETED_DEVICE_FAMILY = "1,2";
				VALIDATE_PRODUCT = YES;
			};
			name = Release;
		};
		13BBD6CD1C2CEC15000BD4B7 /* Debug */ = {
			isa = XCBuildConfiguration;
			buildSettings = {
				ASSETCATALOG_COMPILER_APPICON_NAME = AppIcon;
				INFOPLIST_FILE = LocationTest/Info.plist;
				LD_RUNPATH_SEARCH_PATHS = "$(inherited) @executable_path/Frameworks";
				PRODUCT_BUNDLE_IDENTIFIER = chuck.chan.LocationTest;
				PRODUCT_NAME = "$(TARGET_NAME)";
			};
			name = Debug;
		};
		13BBD6CE1C2CEC15000BD4B7 /* Release */ = {
			isa = XCBuildConfiguration;
			buildSettings = {
				ASSETCATALOG_COMPILER_APPICON_NAME = AppIcon;
				INFOPLIST_FILE = LocationTest/Info.plist;
				LD_RUNPATH_SEARCH_PATHS = "$(inherited) @executable_path/Frameworks";
				PRODUCT_BUNDLE_IDENTIFIER = chuck.chan.LocationTest;
				PRODUCT_NAME = "$(TARGET_NAME)";
			};
			name = Release;
		};
/* End XCBuildConfiguration section */

/* Begin XCConfigurationList section */
		13BBD6B51C2CEC15000BD4B7 /* Build configuration list for PBXProject "LocationTest" */ = {
			isa = XCConfigurationList;
			buildConfigurations = (
				13BBD6CA1C2CEC15000BD4B7 /* Debug */,
				13BBD6CB1C2CEC15000BD4B7 /* Release */,
			);
			defaultConfigurationIsVisible = 0;
			defaultConfigurationName = Release;
		};
		13BBD6CC1C2CEC15000BD4B7 /* Build configuration list for PBXNativeTarget "LocationTest" */ = {
			isa = XCConfigurationList;
			buildConfigurations = (
				13BBD6CD1C2CEC15000BD4B7 /* Debug */,
				13BBD6CE1C2CEC15000BD4B7 /* Release */,
			);
			defaultConfigurationIsVisible = 0;
		};
/* End XCConfigurationList section */
	};
	rootObject = 13BBD6B21C2CEC15000BD4B7 /* Project object */;
}
