// !$*UTF8*$!
{
	archiveVersion = 1;
	classes = {
	};
	objectVersion = 46;
	objects = {

/* Begin PBXBuildFile section */
		DB35136D1C32D4EA001C2EF2 /* MapKit.framework in Frameworks */ = {isa = PBXBuildFile; fileRef = DB35136C1C32D4EA001C2EF2 /* MapKit.framework */; };
		DB35136F1C32D4F7001C2EF2 /* CoreLocation.framework in Frameworks */ = {isa = PBXBuildFile; fileRef = DB35136E1C32D4F7001C2EF2 /* CoreLocation.framework */; };
		DBCD11AB1C32B2A600E036AD /* AppDelegate.swift in Sources */ = {isa = PBXBuildFile; fileRef = DBCD11AA1C32B2A600E036AD /* AppDelegate.swift */; };
		DBCD11AD1C32B2A600E036AD /* ViewController.swift in Sources */ = {isa = PBXBuildFile; fileRef = DBCD11AC1C32B2A600E036AD /* ViewController.swift */; };
		DBCD11B01C32B2A600E036AD /* Main.storyboard in Resources */ = {isa = PBXBuildFile; fileRef = DBCD11AE1C32B2A600E036AD /* Main.storyboard */; };
		DBCD11B21C32B2A600E036AD /* Assets.xcassets in Resources */ = {isa = PBXBuildFile; fileRef = DBCD11B11C32B2A600E036AD /* Assets.xcassets */; };
		DBCD11B51C32B2A600E036AD /* LaunchScreen.storyboard in Resources */ = {isa = PBXBuildFile; fileRef = DBCD11B31C32B2A600E036AD /* LaunchScreen.storyboard */; };
/* End PBXBuildFile section */

/* Begin PBXFileReference section */
		DB35136C1C32D4EA001C2EF2 /* MapKit.framework */ = {isa = PBXFileReference; lastKnownFileType = wrapper.framework; name = MapKit.framework; path = System/Library/Frameworks/MapKit.framework; sourceTree = SDKROOT; };
		DB35136E1C32D4F7001C2EF2 /* CoreLocation.framework */ = {isa = PBXFileReference; lastKnownFileType = wrapper.framework; name = CoreLocation.framework; path = System/Library/Frameworks/CoreLocation.framework; sourceTree = SDKROOT; };
		DBCD11A71C32B2A600E036AD /* LocationTest.app */ = {isa = PBXFileReference; explicitFileType = wrapper.application; includeInIndex = 0; path = LocationTest.app; sourceTree = BUILT_PRODUCTS_DIR; };
		DBCD11AA1C32B2A600E036AD /* AppDelegate.swift */ = {isa = PBXFileReference; lastKnownFileType = sourcecode.swift; path = AppDelegate.swift; sourceTree = "<group>"; };
		DBCD11AC1C32B2A600E036AD /* ViewController.swift */ = {isa = PBXFileReference; lastKnownFileType = sourcecode.swift; path = ViewController.swift; sourceTree = "<group>"; };
		DBCD11AF1C32B2A600E036AD /* Base */ = {isa = PBXFileReference; lastKnownFileType = file.storyboard; name = Base; path = Base.lproj/Main.storyboard; sourceTree = "<group>"; };
		DBCD11B11C32B2A600E036AD /* Assets.xcassets */ = {isa = PBXFileReference; lastKnownFileType = folder.assetcatalog; path = Assets.xcassets; sourceTree = "<group>"; };
		DBCD11B41C32B2A600E036AD /* Base */ = {isa = PBXFileReference; lastKnownFileType = file.storyboard; name = Base; path = Base.lproj/LaunchScreen.storyboard; sourceTree = "<group>"; };
		DBCD11B61C32B2A600E036AD /* Info.plist */ = {isa = PBXFileReference; lastKnownFileType = text.plist.xml; path = Info.plist; sourceTree = "<group>"; };
/* End PBXFileReference section */

/* Begin PBXFrameworksBuildPhase section */
		DBCD11A41C32B2A600E036AD /* Frameworks */ = {
			isa = PBXFrameworksBuildPhase;
			buildActionMask = 2147483647;
			files = (
				DB35136F1C32D4F7001C2EF2 /* CoreLocation.framework in Frameworks */,
				DB35136D1C32D4EA001C2EF2 /* MapKit.framework in Frameworks */,
			);
			runOnlyForDeploymentPostprocessing = 0;
		};
/* End PBXFrameworksBuildPhase section */

/* Begin PBXGroup section */
		DBCD119E1C32B2A600E036AD = {
			isa = PBXGroup;
			children = (
				DB35136E1C32D4F7001C2EF2 /* CoreLocation.framework */,
				DB35136C1C32D4EA001C2EF2 /* MapKit.framework */,
				DBCD11A91C32B2A600E036AD /* LocationTest */,
				DBCD11A81C32B2A600E036AD /* Products */,
			);
			sourceTree = "<group>";
		};
		DBCD11A81C32B2A600E036AD /* Products */ = {
			isa = PBXGroup;
			children = (
				DBCD11A71C32B2A600E036AD /* LocationTest.app */,
			);
			name = Products;
			sourceTree = "<group>";
		};
		DBCD11A91C32B2A600E036AD /* LocationTest */ = {
			isa = PBXGroup;
			children = (
				DBCD11AA1C32B2A600E036AD /* AppDelegate.swift */,
				DBCD11AC1C32B2A600E036AD /* ViewController.swift */,
				DBCD11AE1C32B2A600E036AD /* Main.storyboard */,
				DBCD11B11C32B2A600E036AD /* Assets.xcassets */,
				DBCD11B31C32B2A600E036AD /* LaunchScreen.storyboard */,
				DBCD11B61C32B2A600E036AD /* Info.plist */,
			);
			path = LocationTest;
			sourceTree = "<group>";
		};
/* End PBXGroup section */

/* Begin PBXNativeTarget section */
		DBCD11A61C32B2A600E036AD /* LocationTest */ = {
			isa = PBXNativeTarget;
			buildConfigurationList = DBCD11B91C32B2A600E036AD /* Build configuration list for PBXNativeTarget "LocationTest" */;
			buildPhases = (
				DBCD11A31C32B2A600E036AD /* Sources */,
				DBCD11A41C32B2A600E036AD /* Frameworks */,
				DBCD11A51C32B2A600E036AD /* Resources */,
			);
			buildRules = (
			);
			dependencies = (
			);
			name = LocationTest;
			productName = LocationTest;
			productReference = DBCD11A71C32B2A600E036AD /* LocationTest.app */;
			productType = "com.apple.product-type.application";
		};
/* End PBXNativeTarget section */

/* Begin PBXProject section */
		DBCD119F1C32B2A600E036AD /* Project object */ = {
			isa = PBXProject;
			attributes = {
				LastSwiftUpdateCheck = 0710;
				LastUpgradeCheck = 0710;
				ORGANIZATIONNAME = "chuck chan";
				TargetAttributes = {
					DBCD11A61C32B2A600E036AD = {
						CreatedOnToolsVersion = 7.1;
						DevelopmentTeam = 328A3KDV4A;
						SystemCapabilities = {
							com.apple.BackgroundModes = {
								enabled = 1;
							};
						};
					};
				};
			};
			buildConfigurationList = DBCD11A21C32B2A600E036AD /* Build configuration list for PBXProject "LocationTest" */;
			compatibilityVersion = "Xcode 3.2";
			developmentRegion = English;
			hasScannedForEncodings = 0;
			knownRegions = (
				en,
				Base,
			);
			mainGroup = DBCD119E1C32B2A600E036AD;
			productRefGroup = DBCD11A81C32B2A600E036AD /* Products */;
			projectDirPath = "";
			projectRoot = "";
			targets = (
				DBCD11A61C32B2A600E036AD /* LocationTest */,
			);
		};
/* End PBXProject section */

/* Begin PBXResourcesBuildPhase section */
		DBCD11A51C32B2A600E036AD /* Resources */ = {
			isa = PBXResourcesBuildPhase;
			buildActionMask = 2147483647;
			files = (
				DBCD11B51C32B2A600E036AD /* LaunchScreen.storyboard in Resources */,
				DBCD11B21C32B2A600E036AD /* Assets.xcassets in Resources */,
				DBCD11B01C32B2A600E036AD /* Main.storyboard in Resources */,
			);
			runOnlyForDeploymentPostprocessing = 0;
		};
/* End PBXResourcesBuildPhase section */

/* Begin PBXSourcesBuildPhase section */
		DBCD11A31C32B2A600E036AD /* Sources */ = {
			isa = PBXSourcesBuildPhase;
			buildActionMask = 2147483647;
			files = (
				DBCD11AD1C32B2A600E036AD /* ViewController.swift in Sources */,
				DBCD11AB1C32B2A600E036AD /* AppDelegate.swift in Sources */,
			);
			runOnlyForDeploymentPostprocessing = 0;
		};
/* End PBXSourcesBuildPhase section */

/* Begin PBXVariantGroup section */
		DBCD11AE1C32B2A600E036AD /* Main.storyboard */ = {
			isa = PBXVariantGroup;
			children = (
				DBCD11AF1C32B2A600E036AD /* Base */,
			);
			name = Main.storyboard;
			sourceTree = "<group>";
		};
		DBCD11B31C32B2A600E036AD /* LaunchScreen.storyboard */ = {
			isa = PBXVariantGroup;
			children = (
				DBCD11B41C32B2A600E036AD /* Base */,
			);
			name = LaunchScreen.storyboard;
			sourceTree = "<group>";
		};
/* End PBXVariantGroup section */

/* Begin XCBuildConfiguration section */
		DBCD11B71C32B2A600E036AD /* Debug */ = {
			isa = XCBuildConfiguration;
			buildSettings = {
				ALWAYS_SEARCH_USER_PATHS = NO;
				CLANG_CXX_LANGUAGE_STANDARD = "gnu++0x";
				CLANG_CXX_LIBRARY = "libc++";
				CLANG_ENABLE_MODULES = YES;
				CLANG_ENABLE_OBJC_ARC = YES;
				CLANG_WARN_BOOL_CONVERSION = YES;
				CLANG_WARN_CONSTANT_CONVERSION = YES;
				CLANG_WARN_DIRECT_OBJC_ISA_USAGE = YES_ERROR;
				CLANG_WARN_EMPTY_BODY = YES;
				CLANG_WARN_ENUM_CONVERSION = YES;
				CLANG_WARN_INT_CONVERSION = YES;
				CLANG_WARN_OBJC_ROOT_CLASS = YES_ERROR;
				CLANG_WARN_UNREACHABLE_CODE = YES;
				CLANG_WARN__DUPLICATE_METHOD_MATCH = YES;
				"CODE_SIGN_IDENTITY[sdk=iphoneos*]" = "iPhone Developer";
				COPY_PHASE_STRIP = NO;
				DEBUG_INFORMATION_FORMAT = dwarf;
				ENABLE_STRICT_OBJC_MSGSEND = YES;
				ENABLE_TESTABILITY = YES;
				GCC_C_LANGUAGE_STANDARD = gnu99;
				GCC_DYNAMIC_NO_PIC = NO;
				GCC_NO_COMMON_BLOCKS = YES;
				GCC_OPTIMIZATION_LEVEL = 0;
				GCC_PREPROCESSOR_DEFINITIONS = (
					"DEBUG=1",
					"$(inherited)",
				);
				GCC_WARN_64_TO_32_BIT_CONVERSION = YES;
				GCC_WARN_ABOUT_RETURN_TYPE = YES_ERROR;
				GCC_WARN_UNDECLARED_SELECTOR = YES;
				GCC_WARN_UNINITIALIZED_AUTOS = YES_AGGRESSIVE;
				GCC_WARN_UNUSED_FUNCTION = YES;
				GCC_WARN_UNUSED_VARIABLE = YES;
				IPHONEOS_DEPLOYMENT_TARGET = 9.1;
				MTL_ENABLE_DEBUG_INFO = YES;
				ONLY_ACTIVE_ARCH = YES;
				SDKROOT = iphoneos;
				SWIFT_OPTIMIZATION_LEVEL = "-Onone";
				TARGETED_DEVICE_FAMILY = "1,2";
			};
			name = Debug;
		};
		DBCD11B81C32B2A600E036AD /* Release */ = {
			isa = XCBuildConfiguration;
			buildSettings = {
				ALWAYS_SEARCH_USER_PATHS = NO;
				CLANG_CXX_LANGUAGE_STANDARD = "gnu++0x";
				CLANG_CXX_LIBRARY = "libc++";
				CLANG_ENABLE_MODULES = YES;
				CLANG_ENABLE_OBJC_ARC = YES;
				CLANG_WARN_BOOL_CONVERSION = YES;
				CLANG_WARN_CONSTANT_CONVERSION = YES;
				CLANG_WARN_DIRECT_OBJC_ISA_USAGE = YES_ERROR;
				CLANG_WARN_EMPTY_BODY = YES;
				CLANG_WARN_ENUM_CONVERSION = YES;
				CLANG_WARN_INT_CONVERSION = YES;
				CLANG_WARN_OBJC_ROOT_CLASS = YES_ERROR;
				CLANG_WARN_UNREACHABLE_CODE = YES;
				CLANG_WARN__DUPLICATE_METHOD_MATCH = YES;
				"CODE_SIGN_IDENTITY[sdk=iphoneos*]" = "iPhone Developer";
				COPY_PHASE_STRIP = NO;
				DEBUG_INFORMATION_FORMAT = "dwarf-with-dsym";
				ENABLE_NS_ASSERTIONS = NO;
				ENABLE_STRICT_OBJC_MSGSEND = YES;
				GCC_C_LANGUAGE_STANDARD = gnu99;
				GCC_NO_COMMON_BLOCKS = YES;
				GCC_WARN_64_TO_32_BIT_CONVERSION = YES;
				GCC_WARN_ABOUT_RETURN_TYPE = YES_ERROR;
				GCC_WARN_UNDECLARED_SELECTOR = YES;
				GCC_WARN_UNINITIALIZED_AUTOS = YES_AGGRESSIVE;
				GCC_WARN_UNUSED_FUNCTION = YES;
				GCC_WARN_UNUSED_VARIABLE = YES;
				IPHONEOS_DEPLOYMENT_TARGET = 9.1;
				MTL_ENABLE_DEBUG_INFO = NO;
				SDKROOT = iphoneos;
				TARGETED_DEVICE_FAMILY = "1,2";
				VALIDATE_PRODUCT = YES;
			};
			name = Release;
		};
		DBCD11BA1C32B2A600E036AD /* Debug */ = {
			isa = XCBuildConfiguration;
			buildSettings = {
				ASSETCATALOG_COMPILER_APPICON_NAME = AppIcon;
				INFOPLIST_FILE = LocationTest/Info.plist;
				IPHONEOS_DEPLOYMENT_TARGET = 8.4;
				LD_RUNPATH_SEARCH_PATHS = "$(inherited) @executable_path/Frameworks";
				PRODUCT_BUNDLE_IDENTIFIER = com.chuck.LocationTest;
				PRODUCT_NAME = "$(TARGET_NAME)";
			};
			name = Debug;
		};
		DBCD11BB1C32B2A600E036AD /* Release */ = {
			isa = XCBuildConfiguration;
			buildSettings = {
				ASSETCATALOG_COMPILER_APPICON_NAME = AppIcon;
				INFOPLIST_FILE = LocationTest/Info.plist;
				IPHONEOS_DEPLOYMENT_TARGET = 8.4;
				LD_RUNPATH_SEARCH_PATHS = "$(inherited) @executable_path/Frameworks";
				PRODUCT_BUNDLE_IDENTIFIER = com.chuck.LocationTest;
				PRODUCT_NAME = "$(TARGET_NAME)";
			};
			name = Release;
		};
/* End XCBuildConfiguration section */

/* Begin XCConfigurationList section */
		DBCD11A21C32B2A600E036AD /* Build configuration list for PBXProject "LocationTest" */ = {
			isa = XCConfigurationList;
			buildConfigurations = (
				DBCD11B71C32B2A600E036AD /* Debug */,
				DBCD11B81C32B2A600E036AD /* Release */,
			);
			defaultConfigurationIsVisible = 0;
			defaultConfigurationName = Release;
		};
		DBCD11B91C32B2A600E036AD /* Build configuration list for PBXNativeTarget "LocationTest" */ = {
			isa = XCConfigurationList;
			buildConfigurations = (
				DBCD11BA1C32B2A600E036AD /* Debug */,
				DBCD11BB1C32B2A600E036AD /* Release */,
			);
			defaultConfigurationIsVisible = 0;
			defaultConfigurationName = Release;
		};
/* End XCConfigurationList section */
	};
	rootObject = DBCD119F1C32B2A600E036AD /* Project object */;
}
