// !$*UTF8*$!
{
	archiveVersion = 1;
	classes = {
	};
	objectVersion = 46;
	objects = {

/* Begin PBXBuildFile section */
		DBEA859D1C467DC0000A9773 /* AppDelegate.swift in Sources */ = {isa = PBXBuildFile; fileRef = DBEA859C1C467DC0000A9773 /* AppDelegate.swift */; };
		DBEA859F1C467DC0000A9773 /* ViewController.swift in Sources */ = {isa = PBXBuildFile; fileRef = DBEA859E1C467DC0000A9773 /* ViewController.swift */; };
		DBEA85A21C467DC0000A9773 /* Main.storyboard in Resources */ = {isa = PBXBuildFile; fileRef = DBEA85A01C467DC0000A9773 /* Main.storyboard */; };
		DBEA85A41C467DC0000A9773 /* Assets.xcassets in Resources */ = {isa = PBXBuildFile; fileRef = DBEA85A31C467DC0000A9773 /* Assets.xcassets */; };
		DBEA85A71C467DC0000A9773 /* LaunchScreen.storyboard in Resources */ = {isa = PBXBuildFile; fileRef = DBEA85A51C467DC0000A9773 /* LaunchScreen.storyboard */; };
/* End PBXBuildFile section */

/* Begin PBXFileReference section */
		DBEA85991C467DC0000A9773 /* StoreDataOfGeneralFile.app */ = {isa = PBXFileReference; explicitFileType = wrapper.application; includeInIndex = 0; path = StoreDataOfGeneralFile.app; sourceTree = BUILT_PRODUCTS_DIR; };
		DBEA859C1C467DC0000A9773 /* AppDelegate.swift */ = {isa = PBXFileReference; lastKnownFileType = sourcecode.swift; path = AppDelegate.swift; sourceTree = "<group>"; };
		DBEA859E1C467DC0000A9773 /* ViewController.swift */ = {isa = PBXFileReference; lastKnownFileType = sourcecode.swift; path = ViewController.swift; sourceTree = "<group>"; };
		DBEA85A11C467DC0000A9773 /* Base */ = {isa = PBXFileReference; lastKnownFileType = file.storyboard; name = Base; path = Base.lproj/Main.storyboard; sourceTree = "<group>"; };
		DBEA85A31C467DC0000A9773 /* Assets.xcassets */ = {isa = PBXFileReference; lastKnownFileType = folder.assetcatalog; path = Assets.xcassets; sourceTree = "<group>"; };
		DBEA85A61C467DC0000A9773 /* Base */ = {isa = PBXFileReference; lastKnownFileType = file.storyboard; name = Base; path = Base.lproj/LaunchScreen.storyboard; sourceTree = "<group>"; };
		DBEA85A81C467DC0000A9773 /* Info.plist */ = {isa = PBXFileReference; lastKnownFileType = text.plist.xml; path = Info.plist; sourceTree = "<group>"; };
/* End PBXFileReference section */

/* Begin PBXFrameworksBuildPhase section */
		DBEA85961C467DC0000A9773 /* Frameworks */ = {
			isa = PBXFrameworksBuildPhase;
			buildActionMask = 2147483647;
			files = (
			);
			runOnlyForDeploymentPostprocessing = 0;
		};
/* End PBXFrameworksBuildPhase section */

/* Begin PBXGroup section */
		DBEA85901C467DC0000A9773 = {
			isa = PBXGroup;
			children = (
				DBEA859B1C467DC0000A9773 /* StoreDataOfGeneralFile */,
				DBEA859A1C467DC0000A9773 /* Products */,
			);
			sourceTree = "<group>";
		};
		DBEA859A1C467DC0000A9773 /* Products */ = {
			isa = PBXGroup;
			children = (
				DBEA85991C467DC0000A9773 /* StoreDataOfGeneralFile.app */,
			);
			name = Products;
			sourceTree = "<group>";
		};
		DBEA859B1C467DC0000A9773 /* StoreDataOfGeneralFile */ = {
			isa = PBXGroup;
			children = (
				DBEA859C1C467DC0000A9773 /* AppDelegate.swift */,
				DBEA859E1C467DC0000A9773 /* ViewController.swift */,
				DBEA85A01C467DC0000A9773 /* Main.storyboard */,
				DBEA85A31C467DC0000A9773 /* Assets.xcassets */,
				DBEA85A51C467DC0000A9773 /* LaunchScreen.storyboard */,
				DBEA85A81C467DC0000A9773 /* Info.plist */,
			);
			path = StoreDataOfGeneralFile;
			sourceTree = "<group>";
		};
/* End PBXGroup section */

/* Begin PBXNativeTarget section */
		DBEA85981C467DC0000A9773 /* StoreDataOfGeneralFile */ = {
			isa = PBXNativeTarget;
			buildConfigurationList = DBEA85AB1C467DC0000A9773 /* Build configuration list for PBXNativeTarget "StoreDataOfGeneralFile" */;
			buildPhases = (
				DBEA85951C467DC0000A9773 /* Sources */,
				DBEA85961C467DC0000A9773 /* Frameworks */,
				DBEA85971C467DC0000A9773 /* Resources */,
			);
			buildRules = (
			);
			dependencies = (
			);
			name = StoreDataOfGeneralFile;
			productName = StoreDataOfGeneralFile;
			productReference = DBEA85991C467DC0000A9773 /* StoreDataOfGeneralFile.app */;
			productType = "com.apple.product-type.application";
		};
/* End PBXNativeTarget section */

/* Begin PBXProject section */
		DBEA85911C467DC0000A9773 /* Project object */ = {
			isa = PBXProject;
			attributes = {
				LastSwiftUpdateCheck = 0710;
				LastUpgradeCheck = 0710;
				ORGANIZATIONNAME = "chuck chan";
				TargetAttributes = {
					DBEA85981C467DC0000A9773 = {
						CreatedOnToolsVersion = 7.1;
						DevelopmentTeam = 328A3KDV4A;
					};
				};
			};
			buildConfigurationList = DBEA85941C467DC0000A9773 /* Build configuration list for PBXProject "StoreDataOfGeneralFile" */;
			compatibilityVersion = "Xcode 3.2";
			developmentRegion = English;
			hasScannedForEncodings = 0;
			knownRegions = (
				en,
				Base,
			);
			mainGroup = DBEA85901C467DC0000A9773;
			productRefGroup = DBEA859A1C467DC0000A9773 /* Products */;
			projectDirPath = "";
			projectRoot = "";
			targets = (
				DBEA85981C467DC0000A9773 /* StoreDataOfGeneralFile */,
			);
		};
/* End PBXProject section */

/* Begin PBXResourcesBuildPhase section */
		DBEA85971C467DC0000A9773 /* Resources */ = {
			isa = PBXResourcesBuildPhase;
			buildActionMask = 2147483647;
			files = (
				DBEA85A71C467DC0000A9773 /* LaunchScreen.storyboard in Resources */,
				DBEA85A41C467DC0000A9773 /* Assets.xcassets in Resources */,
				DBEA85A21C467DC0000A9773 /* Main.storyboard in Resources */,
			);
			runOnlyForDeploymentPostprocessing = 0;
		};
/* End PBXResourcesBuildPhase section */

/* Begin PBXSourcesBuildPhase section */
		DBEA85951C467DC0000A9773 /* Sources */ = {
			isa = PBXSourcesBuildPhase;
			buildActionMask = 2147483647;
			files = (
				DBEA859F1C467DC0000A9773 /* ViewController.swift in Sources */,
				DBEA859D1C467DC0000A9773 /* AppDelegate.swift in Sources */,
			);
			runOnlyForDeploymentPostprocessing = 0;
		};
/* End PBXSourcesBuildPhase section */

/* Begin PBXVariantGroup section */
		DBEA85A01C467DC0000A9773 /* Main.storyboard */ = {
			isa = PBXVariantGroup;
			children = (
				DBEA85A11C467DC0000A9773 /* Base */,
			);
			name = Main.storyboard;
			sourceTree = "<group>";
		};
		DBEA85A51C467DC0000A9773 /* LaunchScreen.storyboard */ = {
			isa = PBXVariantGroup;
			children = (
				DBEA85A61C467DC0000A9773 /* Base */,
			);
			name = LaunchScreen.storyboard;
			sourceTree = "<group>";
		};
/* End PBXVariantGroup section */

/* Begin XCBuildConfiguration section */
		DBEA85A91C467DC0000A9773 /* Debug */ = {
			isa = XCBuildConfiguration;
			buildSettings = {
				ALWAYS_SEARCH_USER_PATHS = NO;
				CLANG_CXX_LANGUAGE_STANDARD = "gnu++0x";
				CLANG_CXX_LIBRARY = "libc++";
				CLANG_ENABLE_MODULES = YES;
				CLANG_ENABLE_OBJC_ARC = YES;
				CLANG_WARN_BOOL_CONVERSION = YES;
				CLANG_WARN_CONSTANT_CONVERSION = YES;
				CLANG_WARN_DIRECT_OBJC_ISA_USAGE = YES_ERROR;
				CLANG_WARN_EMPTY_BODY = YES;
				CLANG_WARN_ENUM_CONVERSION = YES;
				CLANG_WARN_INT_CONVERSION = YES;
				CLANG_WARN_OBJC_ROOT_CLASS = YES_ERROR;
				CLANG_WARN_UNREACHABLE_CODE = YES;
				CLANG_WARN__DUPLICATE_METHOD_MATCH = YES;
				"CODE_SIGN_IDENTITY[sdk=iphoneos*]" = "iPhone Developer";
				COPY_PHASE_STRIP = NO;
				DEBUG_INFORMATION_FORMAT = dwarf;
				ENABLE_STRICT_OBJC_MSGSEND = YES;
				ENABLE_TESTABILITY = YES;
				GCC_C_LANGUAGE_STANDARD = gnu99;
				GCC_DYNAMIC_NO_PIC = NO;
				GCC_NO_COMMON_BLOCKS = YES;
				GCC_OPTIMIZATION_LEVEL = 0;
				GCC_PREPROCESSOR_DEFINITIONS = (
					"DEBUG=1",
					"$(inherited)",
				);
				GCC_WARN_64_TO_32_BIT_CONVERSION = YES;
				GCC_WARN_ABOUT_RETURN_TYPE = YES_ERROR;
				GCC_WARN_UNDECLARED_SELECTOR = YES;
				GCC_WARN_UNINITIALIZED_AUTOS = YES_AGGRESSIVE;
				GCC_WARN_UNUSED_FUNCTION = YES;
				GCC_WARN_UNUSED_VARIABLE = YES;
				IPHONEOS_DEPLOYMENT_TARGET = 9.1;
				MTL_ENABLE_DEBUG_INFO = YES;
				ONLY_ACTIVE_ARCH = YES;
				SDKROOT = iphoneos;
				SWIFT_OPTIMIZATION_LEVEL = "-Onone";
				TARGETED_DEVICE_FAMILY = "1,2";
			};
			name = Debug;
		};
		DBEA85AA1C467DC0000A9773 /* Release */ = {
			isa = XCBuildConfiguration;
			buildSettings = {
				ALWAYS_SEARCH_USER_PATHS = NO;
				CLANG_CXX_LANGUAGE_STANDARD = "gnu++0x";
				CLANG_CXX_LIBRARY = "libc++";
				CLANG_ENABLE_MODULES = YES;
				CLANG_ENABLE_OBJC_ARC = YES;
				CLANG_WARN_BOOL_CONVERSION = YES;
				CLANG_WARN_CONSTANT_CONVERSION = YES;
				CLANG_WARN_DIRECT_OBJC_ISA_USAGE = YES_ERROR;
				CLANG_WARN_EMPTY_BODY = YES;
				CLANG_WARN_ENUM_CONVERSION = YES;
				CLANG_WARN_INT_CONVERSION = YES;
				CLANG_WARN_OBJC_ROOT_CLASS = YES_ERROR;
				CLANG_WARN_UNREACHABLE_CODE = YES;
				CLANG_WARN__DUPLICATE_METHOD_MATCH = YES;
				"CODE_SIGN_IDENTITY[sdk=iphoneos*]" = "iPhone Developer";
				COPY_PHASE_STRIP = NO;
				DEBUG_INFORMATION_FORMAT = "dwarf-with-dsym";
				ENABLE_NS_ASSERTIONS = NO;
				ENABLE_STRICT_OBJC_MSGSEND = YES;
				GCC_C_LANGUAGE_STANDARD = gnu99;
				GCC_NO_COMMON_BLOCKS = YES;
				GCC_WARN_64_TO_32_BIT_CONVERSION = YES;
				GCC_WARN_ABOUT_RETURN_TYPE = YES_ERROR;
				GCC_WARN_UNDECLARED_SELECTOR = YES;
				GCC_WARN_UNINITIALIZED_AUTOS = YES_AGGRESSIVE;
				GCC_WARN_UNUSED_FUNCTION = YES;
				GCC_WARN_UNUSED_VARIABLE = YES;
				IPHONEOS_DEPLOYMENT_TARGET = 9.1;
				MTL_ENABLE_DEBUG_INFO = NO;
				SDKROOT = iphoneos;
				TARGETED_DEVICE_FAMILY = "1,2";
				VALIDATE_PRODUCT = YES;
			};
			name = Release;
		};
		DBEA85AC1C467DC0000A9773 /* Debug */ = {
			isa = XCBuildConfiguration;
			buildSettings = {
				ASSETCATALOG_COMPILER_APPICON_NAME = AppIcon;
				INFOPLIST_FILE = StoreDataOfGeneralFile/Info.plist;
				LD_RUNPATH_SEARCH_PATHS = "$(inherited) @executable_path/Frameworks";
				PRODUCT_BUNDLE_IDENTIFIER = com.chuck.StoreDataOfGeneralFile;
				PRODUCT_NAME = "$(TARGET_NAME)";
			};
			name = Debug;
		};
		DBEA85AD1C467DC0000A9773 /* Release */ = {
			isa = XCBuildConfiguration;
			buildSettings = {
				ASSETCATALOG_COMPILER_APPICON_NAME = AppIcon;
				INFOPLIST_FILE = StoreDataOfGeneralFile/Info.plist;
				LD_RUNPATH_SEARCH_PATHS = "$(inherited) @executable_path/Frameworks";
				PRODUCT_BUNDLE_IDENTIFIER = com.chuck.StoreDataOfGeneralFile;
				PRODUCT_NAME = "$(TARGET_NAME)";
			};
			name = Release;
		};
/* End XCBuildConfiguration section */

/* Begin XCConfigurationList section */
		DBEA85941C467DC0000A9773 /* Build configuration list for PBXProject "StoreDataOfGeneralFile" */ = {
			isa = XCConfigurationList;
			buildConfigurations = (
				DBEA85A91C467DC0000A9773 /* Debug */,
				DBEA85AA1C467DC0000A9773 /* Release */,
			);
			defaultConfigurationIsVisible = 0;
			defaultConfigurationName = Release;
		};
		DBEA85AB1C467DC0000A9773 /* Build configuration list for PBXNativeTarget "StoreDataOfGeneralFile" */ = {
			isa = XCConfigurationList;
			buildConfigurations = (
				DBEA85AC1C467DC0000A9773 /* Debug */,
				DBEA85AD1C467DC0000A9773 /* Release */,
			);
			defaultConfigurationIsVisible = 0;
		};
/* End XCConfigurationList section */
	};
	rootObject = DBEA85911C467DC0000A9773 /* Project object */;
}
