// !$*UTF8*$!
{
	archiveVersion = 1;
	classes = {
	};
	objectVersion = 46;
	objects = {

/* Begin PBXBuildFile section */
		DB58B6531C91A6180048086E /* AppDelegate.swift in Sources */ = {isa = PBXBuildFile; fileRef = DB58B6521C91A6180048086E /* AppDelegate.swift */; };
		DB58B6551C91A6180048086E /* ViewController.swift in Sources */ = {isa = PBXBuildFile; fileRef = DB58B6541C91A6180048086E /* ViewController.swift */; };
		DB58B6581C91A6180048086E /* Main.storyboard in Resources */ = {isa = PBXBuildFile; fileRef = DB58B6561C91A6180048086E /* Main.storyboard */; };
		DB58B65A1C91A6180048086E /* Assets.xcassets in Resources */ = {isa = PBXBuildFile; fileRef = DB58B6591C91A6180048086E /* Assets.xcassets */; };
		DB58B65D1C91A6180048086E /* LaunchScreen.storyboard in Resources */ = {isa = PBXBuildFile; fileRef = DB58B65B1C91A6180048086E /* LaunchScreen.storyboard */; };
/* End PBXBuildFile section */

/* Begin PBXFileReference section */
		DB58B64F1C91A6180048086E /* NSThreadTest.app */ = {isa = PBXFileReference; explicitFileType = wrapper.application; includeInIndex = 0; path = NSThreadTest.app; sourceTree = BUILT_PRODUCTS_DIR; };
		DB58B6521C91A6180048086E /* AppDelegate.swift */ = {isa = PBXFileReference; lastKnownFileType = sourcecode.swift; path = AppDelegate.swift; sourceTree = "<group>"; };
		DB58B6541C91A6180048086E /* ViewController.swift */ = {isa = PBXFileReference; lastKnownFileType = sourcecode.swift; path = ViewController.swift; sourceTree = "<group>"; };
		DB58B6571C91A6180048086E /* Base */ = {isa = PBXFileReference; lastKnownFileType = file.storyboard; name = Base; path = Base.lproj/Main.storyboard; sourceTree = "<group>"; };
		DB58B6591C91A6180048086E /* Assets.xcassets */ = {isa = PBXFileReference; lastKnownFileType = folder.assetcatalog; path = Assets.xcassets; sourceTree = "<group>"; };
		DB58B65C1C91A6180048086E /* Base */ = {isa = PBXFileReference; lastKnownFileType = file.storyboard; name = Base; path = Base.lproj/LaunchScreen.storyboard; sourceTree = "<group>"; };
		DB58B65E1C91A6180048086E /* Info.plist */ = {isa = PBXFileReference; lastKnownFileType = text.plist.xml; path = Info.plist; sourceTree = "<group>"; };
/* End PBXFileReference section */

/* Begin PBXFrameworksBuildPhase section */
		DB58B64C1C91A6180048086E /* Frameworks */ = {
			isa = PBXFrameworksBuildPhase;
			buildActionMask = 2147483647;
			files = (
			);
			runOnlyForDeploymentPostprocessing = 0;
		};
/* End PBXFrameworksBuildPhase section */

/* Begin PBXGroup section */
		DB58B6461C91A6180048086E = {
			isa = PBXGroup;
			children = (
				DB58B6511C91A6180048086E /* NSThreadTest */,
				DB58B6501C91A6180048086E /* Products */,
			);
			sourceTree = "<group>";
		};
		DB58B6501C91A6180048086E /* Products */ = {
			isa = PBXGroup;
			children = (
				DB58B64F1C91A6180048086E /* NSThreadTest.app */,
			);
			name = Products;
			sourceTree = "<group>";
		};
		DB58B6511C91A6180048086E /* NSThreadTest */ = {
			isa = PBXGroup;
			children = (
				DB58B6521C91A6180048086E /* AppDelegate.swift */,
				DB58B6541C91A6180048086E /* ViewController.swift */,
				DB58B6561C91A6180048086E /* Main.storyboard */,
				DB58B6591C91A6180048086E /* Assets.xcassets */,
				DB58B65B1C91A6180048086E /* LaunchScreen.storyboard */,
				DB58B65E1C91A6180048086E /* Info.plist */,
			);
			path = NSThreadTest;
			sourceTree = "<group>";
		};
/* End PBXGroup section */

/* Begin PBXNativeTarget section */
		DB58B64E1C91A6180048086E /* NSThreadTest */ = {
			isa = PBXNativeTarget;
			buildConfigurationList = DB58B6611C91A6180048086E /* Build configuration list for PBXNativeTarget "NSThreadTest" */;
			buildPhases = (
				DB58B64B1C91A6180048086E /* Sources */,
				DB58B64C1C91A6180048086E /* Frameworks */,
				DB58B64D1C91A6180048086E /* Resources */,
			);
			buildRules = (
			);
			dependencies = (
			);
			name = NSThreadTest;
			productName = NSThreadTest;
			productReference = DB58B64F1C91A6180048086E /* NSThreadTest.app */;
			productType = "com.apple.product-type.application";
		};
/* End PBXNativeTarget section */

/* Begin PBXProject section */
		DB58B6471C91A6180048086E /* Project object */ = {
			isa = PBXProject;
			attributes = {
				LastSwiftUpdateCheck = 0710;
				LastUpgradeCheck = 0710;
				ORGANIZATIONNAME = "chuck chan";
				TargetAttributes = {
					DB58B64E1C91A6180048086E = {
						CreatedOnToolsVersion = 7.1;
						DevelopmentTeam = 328A3KDV4A;
					};
				};
			};
			buildConfigurationList = DB58B64A1C91A6180048086E /* Build configuration list for PBXProject "NSThreadTest" */;
			compatibilityVersion = "Xcode 3.2";
			developmentRegion = English;
			hasScannedForEncodings = 0;
			knownRegions = (
				en,
				Base,
			);
			mainGroup = DB58B6461C91A6180048086E;
			productRefGroup = DB58B6501C91A6180048086E /* Products */;
			projectDirPath = "";
			projectRoot = "";
			targets = (
				DB58B64E1C91A6180048086E /* NSThreadTest */,
			);
		};
/* End PBXProject section */

/* Begin PBXResourcesBuildPhase section */
		DB58B64D1C91A6180048086E /* Resources */ = {
			isa = PBXResourcesBuildPhase;
			buildActionMask = 2147483647;
			files = (
				DB58B65D1C91A6180048086E /* LaunchScreen.storyboard in Resources */,
				DB58B65A1C91A6180048086E /* Assets.xcassets in Resources */,
				DB58B6581C91A6180048086E /* Main.storyboard in Resources */,
			);
			runOnlyForDeploymentPostprocessing = 0;
		};
/* End PBXResourcesBuildPhase section */

/* Begin PBXSourcesBuildPhase section */
		DB58B64B1C91A6180048086E /* Sources */ = {
			isa = PBXSourcesBuildPhase;
			buildActionMask = 2147483647;
			files = (
				DB58B6551C91A6180048086E /* ViewController.swift in Sources */,
				DB58B6531C91A6180048086E /* AppDelegate.swift in Sources */,
			);
			runOnlyForDeploymentPostprocessing = 0;
		};
/* End PBXSourcesBuildPhase section */

/* Begin PBXVariantGroup section */
		DB58B6561C91A6180048086E /* Main.storyboard */ = {
			isa = PBXVariantGroup;
			children = (
				DB58B6571C91A6180048086E /* Base */,
			);
			name = Main.storyboard;
			sourceTree = "<group>";
		};
		DB58B65B1C91A6180048086E /* LaunchScreen.storyboard */ = {
			isa = PBXVariantGroup;
			children = (
				DB58B65C1C91A6180048086E /* Base */,
			);
			name = LaunchScreen.storyboard;
			sourceTree = "<group>";
		};
/* End PBXVariantGroup section */

/* Begin XCBuildConfiguration section */
		DB58B65F1C91A6180048086E /* Debug */ = {
			isa = XCBuildConfiguration;
			buildSettings = {
				ALWAYS_SEARCH_USER_PATHS = NO;
				CLANG_CXX_LANGUAGE_STANDARD = "gnu++0x";
				CLANG_CXX_LIBRARY = "libc++";
				CLANG_ENABLE_MODULES = YES;
				CLANG_ENABLE_OBJC_ARC = YES;
				CLANG_WARN_BOOL_CONVERSION = YES;
				CLANG_WARN_CONSTANT_CONVERSION = YES;
				CLANG_WARN_DIRECT_OBJC_ISA_USAGE = YES_ERROR;
				CLANG_WARN_EMPTY_BODY = YES;
				CLANG_WARN_ENUM_CONVERSION = YES;
				CLANG_WARN_INT_CONVERSION = YES;
				CLANG_WARN_OBJC_ROOT_CLASS = YES_ERROR;
				CLANG_WARN_UNREACHABLE_CODE = YES;
				CLANG_WARN__DUPLICATE_METHOD_MATCH = YES;
				"CODE_SIGN_IDENTITY[sdk=iphoneos*]" = "iPhone Developer";
				COPY_PHASE_STRIP = NO;
				DEBUG_INFORMATION_FORMAT = dwarf;
				ENABLE_STRICT_OBJC_MSGSEND = YES;
				ENABLE_TESTABILITY = YES;
				GCC_C_LANGUAGE_STANDARD = gnu99;
				GCC_DYNAMIC_NO_PIC = NO;
				GCC_NO_COMMON_BLOCKS = YES;
				GCC_OPTIMIZATION_LEVEL = 0;
				GCC_PREPROCESSOR_DEFINITIONS = (
					"DEBUG=1",
					"$(inherited)",
				);
				GCC_WARN_64_TO_32_BIT_CONVERSION = YES;
				GCC_WARN_ABOUT_RETURN_TYPE = YES_ERROR;
				GCC_WARN_UNDECLARED_SELECTOR = YES;
				GCC_WARN_UNINITIALIZED_AUTOS = YES_AGGRESSIVE;
				GCC_WARN_UNUSED_FUNCTION = YES;
				GCC_WARN_UNUSED_VARIABLE = YES;
				IPHONEOS_DEPLOYMENT_TARGET = 9.1;
				MTL_ENABLE_DEBUG_INFO = YES;
				ONLY_ACTIVE_ARCH = YES;
				SDKROOT = iphoneos;
				SWIFT_OPTIMIZATION_LEVEL = "-Onone";
				TARGETED_DEVICE_FAMILY = "1,2";
			};
			name = Debug;
		};
		DB58B6601C91A6180048086E /* Release */ = {
			isa = XCBuildConfiguration;
			buildSettings = {
				ALWAYS_SEARCH_USER_PATHS = NO;
				CLANG_CXX_LANGUAGE_STANDARD = "gnu++0x";
				CLANG_CXX_LIBRARY = "libc++";
				CLANG_ENABLE_MODULES = YES;
				CLANG_ENABLE_OBJC_ARC = YES;
				CLANG_WARN_BOOL_CONVERSION = YES;
				CLANG_WARN_CONSTANT_CONVERSION = YES;
				CLANG_WARN_DIRECT_OBJC_ISA_USAGE = YES_ERROR;
				CLANG_WARN_EMPTY_BODY = YES;
				CLANG_WARN_ENUM_CONVERSION = YES;
				CLANG_WARN_INT_CONVERSION = YES;
				CLANG_WARN_OBJC_ROOT_CLASS = YES_ERROR;
				CLANG_WARN_UNREACHABLE_CODE = YES;
				CLANG_WARN__DUPLICATE_METHOD_MATCH = YES;
				"CODE_SIGN_IDENTITY[sdk=iphoneos*]" = "iPhone Developer";
				COPY_PHASE_STRIP = NO;
				DEBUG_INFORMATION_FORMAT = "dwarf-with-dsym";
				ENABLE_NS_ASSERTIONS = NO;
				ENABLE_STRICT_OBJC_MSGSEND = YES;
				GCC_C_LANGUAGE_STANDARD = gnu99;
				GCC_NO_COMMON_BLOCKS = YES;
				GCC_WARN_64_TO_32_BIT_CONVERSION = YES;
				GCC_WARN_ABOUT_RETURN_TYPE = YES_ERROR;
				GCC_WARN_UNDECLARED_SELECTOR = YES;
				GCC_WARN_UNINITIALIZED_AUTOS = YES_AGGRESSIVE;
				GCC_WARN_UNUSED_FUNCTION = YES;
				GCC_WARN_UNUSED_VARIABLE = YES;
				IPHONEOS_DEPLOYMENT_TARGET = 9.1;
				MTL_ENABLE_DEBUG_INFO = NO;
				SDKROOT = iphoneos;
				TARGETED_DEVICE_FAMILY = "1,2";
				VALIDATE_PRODUCT = YES;
			};
			name = Release;
		};
		DB58B6621C91A6180048086E /* Debug */ = {
			isa = XCBuildConfiguration;
			buildSettings = {
				ASSETCATALOG_COMPILER_APPICON_NAME = AppIcon;
				INFOPLIST_FILE = NSThreadTest/Info.plist;
				LD_RUNPATH_SEARCH_PATHS = "$(inherited) @executable_path/Frameworks";
				PRODUCT_BUNDLE_IDENTIFIER = com.chuck.NSThreadTest;
				PRODUCT_NAME = "$(TARGET_NAME)";
			};
			name = Debug;
		};
		DB58B6631C91A6180048086E /* Release */ = {
			isa = XCBuildConfiguration;
			buildSettings = {
				ASSETCATALOG_COMPILER_APPICON_NAME = AppIcon;
				INFOPLIST_FILE = NSThreadTest/Info.plist;
				LD_RUNPATH_SEARCH_PATHS = "$(inherited) @executable_path/Frameworks";
				PRODUCT_BUNDLE_IDENTIFIER = com.chuck.NSThreadTest;
				PRODUCT_NAME = "$(TARGET_NAME)";
			};
			name = Release;
		};
/* End XCBuildConfiguration section */

/* Begin XCConfigurationList section */
		DB58B64A1C91A6180048086E /* Build configuration list for PBXProject "NSThreadTest" */ = {
			isa = XCConfigurationList;
			buildConfigurations = (
				DB58B65F1C91A6180048086E /* Debug */,
				DB58B6601C91A6180048086E /* Release */,
			);
			defaultConfigurationIsVisible = 0;
			defaultConfigurationName = Release;
		};
		DB58B6611C91A6180048086E /* Build configuration list for PBXNativeTarget "NSThreadTest" */ = {
			isa = XCConfigurationList;
			buildConfigurations = (
				DB58B6621C91A6180048086E /* Debug */,
				DB58B6631C91A6180048086E /* Release */,
			);
			defaultConfigurationIsVisible = 0;
		};
/* End XCConfigurationList section */
	};
	rootObject = DB58B6471C91A6180048086E /* Project object */;
}
