// !$*UTF8*$!
{
	archiveVersion = 1;
	classes = {
	};
	objectVersion = 46;
	objects = {

/* Begin PBXBuildFile section */
		DB48A39A1C21997C00854428 /* AppDelegate.swift in Sources */ = {isa = PBXBuildFile; fileRef = DB48A3991C21997C00854428 /* AppDelegate.swift */; };
		DB48A39C1C21997C00854428 /* ViewController.swift in Sources */ = {isa = PBXBuildFile; fileRef = DB48A39B1C21997C00854428 /* ViewController.swift */; };
		DB48A39F1C21997C00854428 /* Main.storyboard in Resources */ = {isa = PBXBuildFile; fileRef = DB48A39D1C21997C00854428 /* Main.storyboard */; };
		DB48A3A11C21997C00854428 /* Assets.xcassets in Resources */ = {isa = PBXBuildFile; fileRef = DB48A3A01C21997C00854428 /* Assets.xcassets */; };
		DB48A3A41C21997C00854428 /* LaunchScreen.storyboard in Resources */ = {isa = PBXBuildFile; fileRef = DB48A3A21C21997C00854428 /* LaunchScreen.storyboard */; };
		DB4CD55B1C24455900B85B9A /* Free Loop.mp3 in Resources */ = {isa = PBXBuildFile; fileRef = DB4CD55A1C24455900B85B9A /* Free Loop.mp3 */; };
/* End PBXBuildFile section */

/* Begin PBXFileReference section */
		DB48A3961C21997C00854428 /* AVMediaTest.app */ = {isa = PBXFileReference; explicitFileType = wrapper.application; includeInIndex = 0; path = AVMediaTest.app; sourceTree = BUILT_PRODUCTS_DIR; };
		DB48A3991C21997C00854428 /* AppDelegate.swift */ = {isa = PBXFileReference; lastKnownFileType = sourcecode.swift; path = AppDelegate.swift; sourceTree = "<group>"; };
		DB48A39B1C21997C00854428 /* ViewController.swift */ = {isa = PBXFileReference; lastKnownFileType = sourcecode.swift; path = ViewController.swift; sourceTree = "<group>"; };
		DB48A39E1C21997C00854428 /* Base */ = {isa = PBXFileReference; lastKnownFileType = file.storyboard; name = Base; path = Base.lproj/Main.storyboard; sourceTree = "<group>"; };
		DB48A3A01C21997C00854428 /* Assets.xcassets */ = {isa = PBXFileReference; lastKnownFileType = folder.assetcatalog; path = Assets.xcassets; sourceTree = "<group>"; };
		DB48A3A31C21997C00854428 /* Base */ = {isa = PBXFileReference; lastKnownFileType = file.storyboard; name = Base; path = Base.lproj/LaunchScreen.storyboard; sourceTree = "<group>"; };
		DB48A3A51C21997C00854428 /* Info.plist */ = {isa = PBXFileReference; lastKnownFileType = text.plist.xml; path = Info.plist; sourceTree = "<group>"; };
		DB4CD55A1C24455900B85B9A /* Free Loop.mp3 */ = {isa = PBXFileReference; lastKnownFileType = audio.mp3; name = "Free Loop.mp3"; path = "../../Volumes/VMware Shared Folders/appleShare/Free Loop.mp3"; sourceTree = "<group>"; };
/* End PBXFileReference section */

/* Begin PBXFrameworksBuildPhase section */
		DB48A3931C21997C00854428 /* Frameworks */ = {
			isa = PBXFrameworksBuildPhase;
			buildActionMask = 2147483647;
			files = (
			);
			runOnlyForDeploymentPostprocessing = 0;
		};
/* End PBXFrameworksBuildPhase section */

/* Begin PBXGroup section */
		DB48A38D1C21997C00854428 = {
			isa = PBXGroup;
			children = (
				DB4CD55A1C24455900B85B9A /* Free Loop.mp3 */,
				DB48A3981C21997C00854428 /* AVMediaTest */,
				DB48A3971C21997C00854428 /* Products */,
			);
			sourceTree = "<group>";
		};
		DB48A3971C21997C00854428 /* Products */ = {
			isa = PBXGroup;
			children = (
				DB48A3961C21997C00854428 /* AVMediaTest.app */,
			);
			name = Products;
			sourceTree = "<group>";
		};
		DB48A3981C21997C00854428 /* AVMediaTest */ = {
			isa = PBXGroup;
			children = (
				DB48A3991C21997C00854428 /* AppDelegate.swift */,
				DB48A39B1C21997C00854428 /* ViewController.swift */,
				DB48A39D1C21997C00854428 /* Main.storyboard */,
				DB48A3A01C21997C00854428 /* Assets.xcassets */,
				DB48A3A21C21997C00854428 /* LaunchScreen.storyboard */,
				DB48A3A51C21997C00854428 /* Info.plist */,
			);
			path = AVMediaTest;
			sourceTree = "<group>";
		};
/* End PBXGroup section */

/* Begin PBXNativeTarget section */
		DB48A3951C21997C00854428 /* AVMediaTest */ = {
			isa = PBXNativeTarget;
			buildConfigurationList = DB48A3A81C21997C00854428 /* Build configuration list for PBXNativeTarget "AVMediaTest" */;
			buildPhases = (
				DB48A3921C21997C00854428 /* Sources */,
				DB48A3931C21997C00854428 /* Frameworks */,
				DB48A3941C21997C00854428 /* Resources */,
			);
			buildRules = (
			);
			dependencies = (
			);
			name = AVMediaTest;
			productName = AVMediaTest;
			productReference = DB48A3961C21997C00854428 /* AVMediaTest.app */;
			productType = "com.apple.product-type.application";
		};
/* End PBXNativeTarget section */

/* Begin PBXProject section */
		DB48A38E1C21997C00854428 /* Project object */ = {
			isa = PBXProject;
			attributes = {
				LastSwiftUpdateCheck = 0710;
				LastUpgradeCheck = 0710;
				ORGANIZATIONNAME = "chuck chan";
				TargetAttributes = {
					DB48A3951C21997C00854428 = {
						CreatedOnToolsVersion = 7.1;
						DevelopmentTeam = 328A3KDV4A;
					};
				};
			};
			buildConfigurationList = DB48A3911C21997C00854428 /* Build configuration list for PBXProject "AVMediaTest" */;
			compatibilityVersion = "Xcode 3.2";
			developmentRegion = English;
			hasScannedForEncodings = 0;
			knownRegions = (
				en,
				Base,
			);
			mainGroup = DB48A38D1C21997C00854428;
			productRefGroup = DB48A3971C21997C00854428 /* Products */;
			projectDirPath = "";
			projectRoot = "";
			targets = (
				DB48A3951C21997C00854428 /* AVMediaTest */,
			);
		};
/* End PBXProject section */

/* Begin PBXResourcesBuildPhase section */
		DB48A3941C21997C00854428 /* Resources */ = {
			isa = PBXResourcesBuildPhase;
			buildActionMask = 2147483647;
			files = (
				DB48A3A41C21997C00854428 /* LaunchScreen.storyboard in Resources */,
				DB48A3A11C21997C00854428 /* Assets.xcassets in Resources */,
				DB48A39F1C21997C00854428 /* Main.storyboard in Resources */,
				DB4CD55B1C24455900B85B9A /* Free Loop.mp3 in Resources */,
			);
			runOnlyForDeploymentPostprocessing = 0;
		};
/* End PBXResourcesBuildPhase section */

/* Begin PBXSourcesBuildPhase section */
		DB48A3921C21997C00854428 /* Sources */ = {
			isa = PBXSourcesBuildPhase;
			buildActionMask = 2147483647;
			files = (
				DB48A39C1C21997C00854428 /* ViewController.swift in Sources */,
				DB48A39A1C21997C00854428 /* AppDelegate.swift in Sources */,
			);
			runOnlyForDeploymentPostprocessing = 0;
		};
/* End PBXSourcesBuildPhase section */

/* Begin PBXVariantGroup section */
		DB48A39D1C21997C00854428 /* Main.storyboard */ = {
			isa = PBXVariantGroup;
			children = (
				DB48A39E1C21997C00854428 /* Base */,
			);
			name = Main.storyboard;
			sourceTree = "<group>";
		};
		DB48A3A21C21997C00854428 /* LaunchScreen.storyboard */ = {
			isa = PBXVariantGroup;
			children = (
				DB48A3A31C21997C00854428 /* Base */,
			);
			name = LaunchScreen.storyboard;
			sourceTree = "<group>";
		};
/* End PBXVariantGroup section */

/* Begin XCBuildConfiguration section */
		DB48A3A61C21997C00854428 /* Debug */ = {
			isa = XCBuildConfiguration;
			buildSettings = {
				ALWAYS_SEARCH_USER_PATHS = NO;
				CLANG_CXX_LANGUAGE_STANDARD = "gnu++0x";
				CLANG_CXX_LIBRARY = "libc++";
				CLANG_ENABLE_MODULES = YES;
				CLANG_ENABLE_OBJC_ARC = YES;
				CLANG_WARN_BOOL_CONVERSION = YES;
				CLANG_WARN_CONSTANT_CONVERSION = YES;
				CLANG_WARN_DIRECT_OBJC_ISA_USAGE = YES_ERROR;
				CLANG_WARN_EMPTY_BODY = YES;
				CLANG_WARN_ENUM_CONVERSION = YES;
				CLANG_WARN_INT_CONVERSION = YES;
				CLANG_WARN_OBJC_ROOT_CLASS = YES_ERROR;
				CLANG_WARN_UNREACHABLE_CODE = YES;
				CLANG_WARN__DUPLICATE_METHOD_MATCH = YES;
				"CODE_SIGN_IDENTITY[sdk=iphoneos*]" = "iPhone Developer";
				COPY_PHASE_STRIP = NO;
				DEBUG_INFORMATION_FORMAT = dwarf;
				ENABLE_STRICT_OBJC_MSGSEND = YES;
				ENABLE_TESTABILITY = YES;
				GCC_C_LANGUAGE_STANDARD = gnu99;
				GCC_DYNAMIC_NO_PIC = NO;
				GCC_NO_COMMON_BLOCKS = YES;
				GCC_OPTIMIZATION_LEVEL = 0;
				GCC_PREPROCESSOR_DEFINITIONS = (
					"DEBUG=1",
					"$(inherited)",
				);
				GCC_WARN_64_TO_32_BIT_CONVERSION = YES;
				GCC_WARN_ABOUT_RETURN_TYPE = YES_ERROR;
				GCC_WARN_UNDECLARED_SELECTOR = YES;
				GCC_WARN_UNINITIALIZED_AUTOS = YES_AGGRESSIVE;
				GCC_WARN_UNUSED_FUNCTION = YES;
				GCC_WARN_UNUSED_VARIABLE = YES;
				IPHONEOS_DEPLOYMENT_TARGET = 9.1;
				MTL_ENABLE_DEBUG_INFO = YES;
				ONLY_ACTIVE_ARCH = YES;
				SDKROOT = iphoneos;
				SWIFT_OPTIMIZATION_LEVEL = "-Onone";
				TARGETED_DEVICE_FAMILY = "1,2";
			};
			name = Debug;
		};
		DB48A3A71C21997C00854428 /* Release */ = {
			isa = XCBuildConfiguration;
			buildSettings = {
				ALWAYS_SEARCH_USER_PATHS = NO;
				CLANG_CXX_LANGUAGE_STANDARD = "gnu++0x";
				CLANG_CXX_LIBRARY = "libc++";
				CLANG_ENABLE_MODULES = YES;
				CLANG_ENABLE_OBJC_ARC = YES;
				CLANG_WARN_BOOL_CONVERSION = YES;
				CLANG_WARN_CONSTANT_CONVERSION = YES;
				CLANG_WARN_DIRECT_OBJC_ISA_USAGE = YES_ERROR;
				CLANG_WARN_EMPTY_BODY = YES;
				CLANG_WARN_ENUM_CONVERSION = YES;
				CLANG_WARN_INT_CONVERSION = YES;
				CLANG_WARN_OBJC_ROOT_CLASS = YES_ERROR;
				CLANG_WARN_UNREACHABLE_CODE = YES;
				CLANG_WARN__DUPLICATE_METHOD_MATCH = YES;
				"CODE_SIGN_IDENTITY[sdk=iphoneos*]" = "iPhone Developer";
				COPY_PHASE_STRIP = NO;
				DEBUG_INFORMATION_FORMAT = "dwarf-with-dsym";
				ENABLE_NS_ASSERTIONS = NO;
				ENABLE_STRICT_OBJC_MSGSEND = YES;
				GCC_C_LANGUAGE_STANDARD = gnu99;
				GCC_NO_COMMON_BLOCKS = YES;
				GCC_WARN_64_TO_32_BIT_CONVERSION = YES;
				GCC_WARN_ABOUT_RETURN_TYPE = YES_ERROR;
				GCC_WARN_UNDECLARED_SELECTOR = YES;
				GCC_WARN_UNINITIALIZED_AUTOS = YES_AGGRESSIVE;
				GCC_WARN_UNUSED_FUNCTION = YES;
				GCC_WARN_UNUSED_VARIABLE = YES;
				IPHONEOS_DEPLOYMENT_TARGET = 9.1;
				MTL_ENABLE_DEBUG_INFO = NO;
				SDKROOT = iphoneos;
				TARGETED_DEVICE_FAMILY = "1,2";
				VALIDATE_PRODUCT = YES;
			};
			name = Release;
		};
		DB48A3A91C21997C00854428 /* Debug */ = {
			isa = XCBuildConfiguration;
			buildSettings = {
				ASSETCATALOG_COMPILER_APPICON_NAME = AppIcon;
				INFOPLIST_FILE = AVMediaTest/Info.plist;
				LD_RUNPATH_SEARCH_PATHS = "$(inherited) @executable_path/Frameworks";
				PRODUCT_BUNDLE_IDENTIFIER = com.chuck.AVMediaTest;
				PRODUCT_NAME = "$(TARGET_NAME)";
			};
			name = Debug;
		};
		DB48A3AA1C21997C00854428 /* Release */ = {
			isa = XCBuildConfiguration;
			buildSettings = {
				ASSETCATALOG_COMPILER_APPICON_NAME = AppIcon;
				INFOPLIST_FILE = AVMediaTest/Info.plist;
				LD_RUNPATH_SEARCH_PATHS = "$(inherited) @executable_path/Frameworks";
				PRODUCT_BUNDLE_IDENTIFIER = com.chuck.AVMediaTest;
				PRODUCT_NAME = "$(TARGET_NAME)";
			};
			name = Release;
		};
/* End XCBuildConfiguration section */

/* Begin XCConfigurationList section */
		DB48A3911C21997C00854428 /* Build configuration list for PBXProject "AVMediaTest" */ = {
			isa = XCConfigurationList;
			buildConfigurations = (
				DB48A3A61C21997C00854428 /* Debug */,
				DB48A3A71C21997C00854428 /* Release */,
			);
			defaultConfigurationIsVisible = 0;
			defaultConfigurationName = Release;
		};
		DB48A3A81C21997C00854428 /* Build configuration list for PBXNativeTarget "AVMediaTest" */ = {
			isa = XCConfigurationList;
			buildConfigurations = (
				DB48A3A91C21997C00854428 /* Debug */,
				DB48A3AA1C21997C00854428 /* Release */,
			);
			defaultConfigurationIsVisible = 0;
			defaultConfigurationName = Release;
		};
/* End XCConfigurationList section */
	};
	rootObject = DB48A38E1C21997C00854428 /* Project object */;
}
