// !$*UTF8*$!
{
	archiveVersion = 1;
	classes = {
	};
	objectVersion = 46;
	objects = {

/* Begin PBXBuildFile section */
		DBF0BE871BFA14F30000470F /* AppDelegate.swift in Sources */ = {isa = PBXBuildFile; fileRef = DBF0BE861BFA14F30000470F /* AppDelegate.swift */; };
		DBF0BE891BFA14F30000470F /* ViewController.swift in Sources */ = {isa = PBXBuildFile; fileRef = DBF0BE881BFA14F30000470F /* ViewController.swift */; };
		DBF0BE8C1BFA14F30000470F /* Main.storyboard in Resources */ = {isa = PBXBuildFile; fileRef = DBF0BE8A1BFA14F30000470F /* Main.storyboard */; };
		DBF0BE8E1BFA14F30000470F /* Assets.xcassets in Resources */ = {isa = PBXBuildFile; fileRef = DBF0BE8D1BFA14F30000470F /* Assets.xcassets */; };
		DBF0BE911BFA14F30000470F /* LaunchScreen.storyboard in Resources */ = {isa = PBXBuildFile; fileRef = DBF0BE8F1BFA14F30000470F /* LaunchScreen.storyboard */; };
/* End PBXBuildFile section */

/* Begin PBXFileReference section */
		DBF0BE831BFA14F30000470F /* UIAlterViewTest.app */ = {isa = PBXFileReference; explicitFileType = wrapper.application; includeInIndex = 0; path = UIAlterViewTest.app; sourceTree = BUILT_PRODUCTS_DIR; };
		DBF0BE861BFA14F30000470F /* AppDelegate.swift */ = {isa = PBXFileReference; lastKnownFileType = sourcecode.swift; path = AppDelegate.swift; sourceTree = "<group>"; };
		DBF0BE881BFA14F30000470F /* ViewController.swift */ = {isa = PBXFileReference; lastKnownFileType = sourcecode.swift; path = ViewController.swift; sourceTree = "<group>"; };
		DBF0BE8B1BFA14F30000470F /* Base */ = {isa = PBXFileReference; lastKnownFileType = file.storyboard; name = Base; path = Base.lproj/Main.storyboard; sourceTree = "<group>"; };
		DBF0BE8D1BFA14F30000470F /* Assets.xcassets */ = {isa = PBXFileReference; lastKnownFileType = folder.assetcatalog; path = Assets.xcassets; sourceTree = "<group>"; };
		DBF0BE901BFA14F30000470F /* Base */ = {isa = PBXFileReference; lastKnownFileType = file.storyboard; name = Base; path = Base.lproj/LaunchScreen.storyboard; sourceTree = "<group>"; };
		DBF0BE921BFA14F30000470F /* Info.plist */ = {isa = PBXFileReference; lastKnownFileType = text.plist.xml; path = Info.plist; sourceTree = "<group>"; };
/* End PBXFileReference section */

/* Begin PBXFrameworksBuildPhase section */
		DBF0BE801BFA14F30000470F /* Frameworks */ = {
			isa = PBXFrameworksBuildPhase;
			buildActionMask = 2147483647;
			files = (
			);
			runOnlyForDeploymentPostprocessing = 0;
		};
/* End PBXFrameworksBuildPhase section */

/* Begin PBXGroup section */
		DBF0BE7A1BFA14F30000470F = {
			isa = PBXGroup;
			children = (
				DBF0BE851BFA14F30000470F /* UIAlterViewTest */,
				DBF0BE841BFA14F30000470F /* Products */,
			);
			sourceTree = "<group>";
		};
		DBF0BE841BFA14F30000470F /* Products */ = {
			isa = PBXGroup;
			children = (
				DBF0BE831BFA14F30000470F /* UIAlterViewTest.app */,
			);
			name = Products;
			sourceTree = "<group>";
		};
		DBF0BE851BFA14F30000470F /* UIAlterViewTest */ = {
			isa = PBXGroup;
			children = (
				DBF0BE861BFA14F30000470F /* AppDelegate.swift */,
				DBF0BE881BFA14F30000470F /* ViewController.swift */,
				DBF0BE8A1BFA14F30000470F /* Main.storyboard */,
				DBF0BE8D1BFA14F30000470F /* Assets.xcassets */,
				DBF0BE8F1BFA14F30000470F /* LaunchScreen.storyboard */,
				DBF0BE921BFA14F30000470F /* Info.plist */,
			);
			path = UIAlterViewTest;
			sourceTree = "<group>";
		};
/* End PBXGroup section */

/* Begin PBXNativeTarget section */
		DBF0BE821BFA14F30000470F /* UIAlterViewTest */ = {
			isa = PBXNativeTarget;
			buildConfigurationList = DBF0BE951BFA14F30000470F /* Build configuration list for PBXNativeTarget "UIAlterViewTest" */;
			buildPhases = (
				DBF0BE7F1BFA14F30000470F /* Sources */,
				DBF0BE801BFA14F30000470F /* Frameworks */,
				DBF0BE811BFA14F30000470F /* Resources */,
			);
			buildRules = (
			);
			dependencies = (
			);
			name = UIAlterViewTest;
			productName = UIAlterViewTest;
			productReference = DBF0BE831BFA14F30000470F /* UIAlterViewTest.app */;
			productType = "com.apple.product-type.application";
		};
/* End PBXNativeTarget section */

/* Begin PBXProject section */
		DBF0BE7B1BFA14F30000470F /* Project object */ = {
			isa = PBXProject;
			attributes = {
				LastSwiftUpdateCheck = 0710;
				LastUpgradeCheck = 0710;
				ORGANIZATIONNAME = "chuck chan";
				TargetAttributes = {
					DBF0BE821BFA14F30000470F = {
						CreatedOnToolsVersion = 7.1;
						DevelopmentTeam = 328A3KDV4A;
					};
				};
			};
			buildConfigurationList = DBF0BE7E1BFA14F30000470F /* Build configuration list for PBXProject "UIAlterViewTest" */;
			compatibilityVersion = "Xcode 3.2";
			developmentRegion = English;
			hasScannedForEncodings = 0;
			knownRegions = (
				en,
				Base,
			);
			mainGroup = DBF0BE7A1BFA14F30000470F;
			productRefGroup = DBF0BE841BFA14F30000470F /* Products */;
			projectDirPath = "";
			projectRoot = "";
			targets = (
				DBF0BE821BFA14F30000470F /* UIAlterViewTest */,
			);
		};
/* End PBXProject section */

/* Begin PBXResourcesBuildPhase section */
		DBF0BE811BFA14F30000470F /* Resources */ = {
			isa = PBXResourcesBuildPhase;
			buildActionMask = 2147483647;
			files = (
				DBF0BE911BFA14F30000470F /* LaunchScreen.storyboard in Resources */,
				DBF0BE8E1BFA14F30000470F /* Assets.xcassets in Resources */,
				DBF0BE8C1BFA14F30000470F /* Main.storyboard in Resources */,
			);
			runOnlyForDeploymentPostprocessing = 0;
		};
/* End PBXResourcesBuildPhase section */

/* Begin PBXSourcesBuildPhase section */
		DBF0BE7F1BFA14F30000470F /* Sources */ = {
			isa = PBXSourcesBuildPhase;
			buildActionMask = 2147483647;
			files = (
				DBF0BE891BFA14F30000470F /* ViewController.swift in Sources */,
				DBF0BE871BFA14F30000470F /* AppDelegate.swift in Sources */,
			);
			runOnlyForDeploymentPostprocessing = 0;
		};
/* End PBXSourcesBuildPhase section */

/* Begin PBXVariantGroup section */
		DBF0BE8A1BFA14F30000470F /* Main.storyboard */ = {
			isa = PBXVariantGroup;
			children = (
				DBF0BE8B1BFA14F30000470F /* Base */,
			);
			name = Main.storyboard;
			sourceTree = "<group>";
		};
		DBF0BE8F1BFA14F30000470F /* LaunchScreen.storyboard */ = {
			isa = PBXVariantGroup;
			children = (
				DBF0BE901BFA14F30000470F /* Base */,
			);
			name = LaunchScreen.storyboard;
			sourceTree = "<group>";
		};
/* End PBXVariantGroup section */

/* Begin XCBuildConfiguration section */
		DBF0BE931BFA14F30000470F /* Debug */ = {
			isa = XCBuildConfiguration;
			buildSettings = {
				ALWAYS_SEARCH_USER_PATHS = NO;
				CLANG_CXX_LANGUAGE_STANDARD = "gnu++0x";
				CLANG_CXX_LIBRARY = "libc++";
				CLANG_ENABLE_MODULES = YES;
				CLANG_ENABLE_OBJC_ARC = YES;
				CLANG_WARN_BOOL_CONVERSION = YES;
				CLANG_WARN_CONSTANT_CONVERSION = YES;
				CLANG_WARN_DIRECT_OBJC_ISA_USAGE = YES_ERROR;
				CLANG_WARN_EMPTY_BODY = YES;
				CLANG_WARN_ENUM_CONVERSION = YES;
				CLANG_WARN_INT_CONVERSION = YES;
				CLANG_WARN_OBJC_ROOT_CLASS = YES_ERROR;
				CLANG_WARN_UNREACHABLE_CODE = YES;
				CLANG_WARN__DUPLICATE_METHOD_MATCH = YES;
				"CODE_SIGN_IDENTITY[sdk=iphoneos*]" = "iPhone Developer";
				COPY_PHASE_STRIP = NO;
				DEBUG_INFORMATION_FORMAT = dwarf;
				ENABLE_STRICT_OBJC_MSGSEND = YES;
				ENABLE_TESTABILITY = YES;
				GCC_C_LANGUAGE_STANDARD = gnu99;
				GCC_DYNAMIC_NO_PIC = NO;
				GCC_NO_COMMON_BLOCKS = YES;
				GCC_OPTIMIZATION_LEVEL = 0;
				GCC_PREPROCESSOR_DEFINITIONS = (
					"DEBUG=1",
					"$(inherited)",
				);
				GCC_WARN_64_TO_32_BIT_CONVERSION = YES;
				GCC_WARN_ABOUT_RETURN_TYPE = YES_ERROR;
				GCC_WARN_UNDECLARED_SELECTOR = YES;
				GCC_WARN_UNINITIALIZED_AUTOS = YES_AGGRESSIVE;
				GCC_WARN_UNUSED_FUNCTION = YES;
				GCC_WARN_UNUSED_VARIABLE = YES;
				IPHONEOS_DEPLOYMENT_TARGET = 9.1;
				MTL_ENABLE_DEBUG_INFO = YES;
				ONLY_ACTIVE_ARCH = YES;
				SDKROOT = iphoneos;
				SWIFT_OPTIMIZATION_LEVEL = "-Onone";
			};
			name = Debug;
		};
		DBF0BE941BFA14F30000470F /* Release */ = {
			isa = XCBuildConfiguration;
			buildSettings = {
				ALWAYS_SEARCH_USER_PATHS = NO;
				CLANG_CXX_LANGUAGE_STANDARD = "gnu++0x";
				CLANG_CXX_LIBRARY = "libc++";
				CLANG_ENABLE_MODULES = YES;
				CLANG_ENABLE_OBJC_ARC = YES;
				CLANG_WARN_BOOL_CONVERSION = YES;
				CLANG_WARN_CONSTANT_CONVERSION = YES;
				CLANG_WARN_DIRECT_OBJC_ISA_USAGE = YES_ERROR;
				CLANG_WARN_EMPTY_BODY = YES;
				CLANG_WARN_ENUM_CONVERSION = YES;
				CLANG_WARN_INT_CONVERSION = YES;
				CLANG_WARN_OBJC_ROOT_CLASS = YES_ERROR;
				CLANG_WARN_UNREACHABLE_CODE = YES;
				CLANG_WARN__DUPLICATE_METHOD_MATCH = YES;
				"CODE_SIGN_IDENTITY[sdk=iphoneos*]" = "iPhone Developer";
				COPY_PHASE_STRIP = NO;
				DEBUG_INFORMATION_FORMAT = "dwarf-with-dsym";
				ENABLE_NS_ASSERTIONS = NO;
				ENABLE_STRICT_OBJC_MSGSEND = YES;
				GCC_C_LANGUAGE_STANDARD = gnu99;
				GCC_NO_COMMON_BLOCKS = YES;
				GCC_WARN_64_TO_32_BIT_CONVERSION = YES;
				GCC_WARN_ABOUT_RETURN_TYPE = YES_ERROR;
				GCC_WARN_UNDECLARED_SELECTOR = YES;
				GCC_WARN_UNINITIALIZED_AUTOS = YES_AGGRESSIVE;
				GCC_WARN_UNUSED_FUNCTION = YES;
				GCC_WARN_UNUSED_VARIABLE = YES;
				IPHONEOS_DEPLOYMENT_TARGET = 9.1;
				MTL_ENABLE_DEBUG_INFO = NO;
				SDKROOT = iphoneos;
				VALIDATE_PRODUCT = YES;
			};
			name = Release;
		};
		DBF0BE961BFA14F30000470F /* Debug */ = {
			isa = XCBuildConfiguration;
			buildSettings = {
				ASSETCATALOG_COMPILER_APPICON_NAME = AppIcon;
				INFOPLIST_FILE = UIAlterViewTest/Info.plist;
				LD_RUNPATH_SEARCH_PATHS = "$(inherited) @executable_path/Frameworks";
				PRODUCT_BUNDLE_IDENTIFIER = com.chuck.UIAlterViewTest;
				PRODUCT_NAME = "$(TARGET_NAME)";
			};
			name = Debug;
		};
		DBF0BE971BFA14F30000470F /* Release */ = {
			isa = XCBuildConfiguration;
			buildSettings = {
				ASSETCATALOG_COMPILER_APPICON_NAME = AppIcon;
				INFOPLIST_FILE = UIAlterViewTest/Info.plist;
				LD_RUNPATH_SEARCH_PATHS = "$(inherited) @executable_path/Frameworks";
				PRODUCT_BUNDLE_IDENTIFIER = com.chuck.UIAlterViewTest;
				PRODUCT_NAME = "$(TARGET_NAME)";
			};
			name = Release;
		};
/* End XCBuildConfiguration section */

/* Begin XCConfigurationList section */
		DBF0BE7E1BFA14F30000470F /* Build configuration list for PBXProject "UIAlterViewTest" */ = {
			isa = XCConfigurationList;
			buildConfigurations = (
				DBF0BE931BFA14F30000470F /* Debug */,
				DBF0BE941BFA14F30000470F /* Release */,
			);
			defaultConfigurationIsVisible = 0;
			defaultConfigurationName = Release;
		};
		DBF0BE951BFA14F30000470F /* Build configuration list for PBXNativeTarget "UIAlterViewTest" */ = {
			isa = XCConfigurationList;
			buildConfigurations = (
				DBF0BE961BFA14F30000470F /* Debug */,
				DBF0BE971BFA14F30000470F /* Release */,
			);
			defaultConfigurationIsVisible = 0;
		};
/* End XCConfigurationList section */
	};
	rootObject = DBF0BE7B1BFA14F30000470F /* Project object */;
}
