// !$*UTF8*$!
{
	archiveVersion = 1;
	classes = {
	};
	objectVersion = 46;
	objects = {

/* Begin PBXBuildFile section */
		DB3ECAB81C0DD0B00040004F /* AppDelegate.swift in Sources */ = {isa = PBXBuildFile; fileRef = DB3ECAB71C0DD0B00040004F /* AppDelegate.swift */; };
		DB3ECABA1C0DD0B00040004F /* ViewController.swift in Sources */ = {isa = PBXBuildFile; fileRef = DB3ECAB91C0DD0B00040004F /* ViewController.swift */; };
		DB3ECABD1C0DD0B00040004F /* Main.storyboard in Resources */ = {isa = PBXBuildFile; fileRef = DB3ECABB1C0DD0B00040004F /* Main.storyboard */; };
		DB3ECABF1C0DD0B00040004F /* Assets.xcassets in Resources */ = {isa = PBXBuildFile; fileRef = DB3ECABE1C0DD0B00040004F /* Assets.xcassets */; };
		DB3ECAC21C0DD0B00040004F /* LaunchScreen.storyboard in Resources */ = {isa = PBXBuildFile; fileRef = DB3ECAC01C0DD0B00040004F /* LaunchScreen.storyboard */; };
/* End PBXBuildFile section */

/* Begin PBXFileReference section */
		DB3ECAB41C0DD0B00040004F /* UIAutoResizeTest.app */ = {isa = PBXFileReference; explicitFileType = wrapper.application; includeInIndex = 0; path = UIAutoResizeTest.app; sourceTree = BUILT_PRODUCTS_DIR; };
		DB3ECAB71C0DD0B00040004F /* AppDelegate.swift */ = {isa = PBXFileReference; lastKnownFileType = sourcecode.swift; path = AppDelegate.swift; sourceTree = "<group>"; };
		DB3ECAB91C0DD0B00040004F /* ViewController.swift */ = {isa = PBXFileReference; lastKnownFileType = sourcecode.swift; path = ViewController.swift; sourceTree = "<group>"; };
		DB3ECABC1C0DD0B00040004F /* Base */ = {isa = PBXFileReference; lastKnownFileType = file.storyboard; name = Base; path = Base.lproj/Main.storyboard; sourceTree = "<group>"; };
		DB3ECABE1C0DD0B00040004F /* Assets.xcassets */ = {isa = PBXFileReference; lastKnownFileType = folder.assetcatalog; path = Assets.xcassets; sourceTree = "<group>"; };
		DB3ECAC11C0DD0B00040004F /* Base */ = {isa = PBXFileReference; lastKnownFileType = file.storyboard; name = Base; path = Base.lproj/LaunchScreen.storyboard; sourceTree = "<group>"; };
		DB3ECAC31C0DD0B00040004F /* Info.plist */ = {isa = PBXFileReference; lastKnownFileType = text.plist.xml; path = Info.plist; sourceTree = "<group>"; };
/* End PBXFileReference section */

/* Begin PBXFrameworksBuildPhase section */
		DB3ECAB11C0DD0B00040004F /* Frameworks */ = {
			isa = PBXFrameworksBuildPhase;
			buildActionMask = 2147483647;
			files = (
			);
			runOnlyForDeploymentPostprocessing = 0;
		};
/* End PBXFrameworksBuildPhase section */

/* Begin PBXGroup section */
		DB3ECAAB1C0DD0B00040004F = {
			isa = PBXGroup;
			children = (
				DB3ECAB61C0DD0B00040004F /* UIAutoResizeTest */,
				DB3ECAB51C0DD0B00040004F /* Products */,
			);
			sourceTree = "<group>";
		};
		DB3ECAB51C0DD0B00040004F /* Products */ = {
			isa = PBXGroup;
			children = (
				DB3ECAB41C0DD0B00040004F /* UIAutoResizeTest.app */,
			);
			name = Products;
			sourceTree = "<group>";
		};
		DB3ECAB61C0DD0B00040004F /* UIAutoResizeTest */ = {
			isa = PBXGroup;
			children = (
				DB3ECAB71C0DD0B00040004F /* AppDelegate.swift */,
				DB3ECAB91C0DD0B00040004F /* ViewController.swift */,
				DB3ECABB1C0DD0B00040004F /* Main.storyboard */,
				DB3ECABE1C0DD0B00040004F /* Assets.xcassets */,
				DB3ECAC01C0DD0B00040004F /* LaunchScreen.storyboard */,
				DB3ECAC31C0DD0B00040004F /* Info.plist */,
			);
			path = UIAutoResizeTest;
			sourceTree = "<group>";
		};
/* End PBXGroup section */

/* Begin PBXNativeTarget section */
		DB3ECAB31C0DD0B00040004F /* UIAutoResizeTest */ = {
			isa = PBXNativeTarget;
			buildConfigurationList = DB3ECAC61C0DD0B00040004F /* Build configuration list for PBXNativeTarget "UIAutoResizeTest" */;
			buildPhases = (
				DB3ECAB01C0DD0B00040004F /* Sources */,
				DB3ECAB11C0DD0B00040004F /* Frameworks */,
				DB3ECAB21C0DD0B00040004F /* Resources */,
			);
			buildRules = (
			);
			dependencies = (
			);
			name = UIAutoResizeTest;
			productName = UIAutoResizeTest;
			productReference = DB3ECAB41C0DD0B00040004F /* UIAutoResizeTest.app */;
			productType = "com.apple.product-type.application";
		};
/* End PBXNativeTarget section */

/* Begin PBXProject section */
		DB3ECAAC1C0DD0B00040004F /* Project object */ = {
			isa = PBXProject;
			attributes = {
				LastSwiftUpdateCheck = 0710;
				LastUpgradeCheck = 0710;
				ORGANIZATIONNAME = "chuck chan";
				TargetAttributes = {
					DB3ECAB31C0DD0B00040004F = {
						CreatedOnToolsVersion = 7.1;
						DevelopmentTeam = 328A3KDV4A;
					};
				};
			};
			buildConfigurationList = DB3ECAAF1C0DD0B00040004F /* Build configuration list for PBXProject "UIAutoResizeTest" */;
			compatibilityVersion = "Xcode 3.2";
			developmentRegion = English;
			hasScannedForEncodings = 0;
			knownRegions = (
				en,
				Base,
			);
			mainGroup = DB3ECAAB1C0DD0B00040004F;
			productRefGroup = DB3ECAB51C0DD0B00040004F /* Products */;
			projectDirPath = "";
			projectRoot = "";
			targets = (
				DB3ECAB31C0DD0B00040004F /* UIAutoResizeTest */,
			);
		};
/* End PBXProject section */

/* Begin PBXResourcesBuildPhase section */
		DB3ECAB21C0DD0B00040004F /* Resources */ = {
			isa = PBXResourcesBuildPhase;
			buildActionMask = 2147483647;
			files = (
				DB3ECAC21C0DD0B00040004F /* LaunchScreen.storyboard in Resources */,
				DB3ECABF1C0DD0B00040004F /* Assets.xcassets in Resources */,
				DB3ECABD1C0DD0B00040004F /* Main.storyboard in Resources */,
			);
			runOnlyForDeploymentPostprocessing = 0;
		};
/* End PBXResourcesBuildPhase section */

/* Begin PBXSourcesBuildPhase section */
		DB3ECAB01C0DD0B00040004F /* Sources */ = {
			isa = PBXSourcesBuildPhase;
			buildActionMask = 2147483647;
			files = (
				DB3ECABA1C0DD0B00040004F /* ViewController.swift in Sources */,
				DB3ECAB81C0DD0B00040004F /* AppDelegate.swift in Sources */,
			);
			runOnlyForDeploymentPostprocessing = 0;
		};
/* End PBXSourcesBuildPhase section */

/* Begin PBXVariantGroup section */
		DB3ECABB1C0DD0B00040004F /* Main.storyboard */ = {
			isa = PBXVariantGroup;
			children = (
				DB3ECABC1C0DD0B00040004F /* Base */,
			);
			name = Main.storyboard;
			sourceTree = "<group>";
		};
		DB3ECAC01C0DD0B00040004F /* LaunchScreen.storyboard */ = {
			isa = PBXVariantGroup;
			children = (
				DB3ECAC11C0DD0B00040004F /* Base */,
			);
			name = LaunchScreen.storyboard;
			sourceTree = "<group>";
		};
/* End PBXVariantGroup section */

/* Begin XCBuildConfiguration section */
		DB3ECAC41C0DD0B00040004F /* Debug */ = {
			isa = XCBuildConfiguration;
			buildSettings = {
				ALWAYS_SEARCH_USER_PATHS = NO;
				CLANG_CXX_LANGUAGE_STANDARD = "gnu++0x";
				CLANG_CXX_LIBRARY = "libc++";
				CLANG_ENABLE_MODULES = YES;
				CLANG_ENABLE_OBJC_ARC = YES;
				CLANG_WARN_BOOL_CONVERSION = YES;
				CLANG_WARN_CONSTANT_CONVERSION = YES;
				CLANG_WARN_DIRECT_OBJC_ISA_USAGE = YES_ERROR;
				CLANG_WARN_EMPTY_BODY = YES;
				CLANG_WARN_ENUM_CONVERSION = YES;
				CLANG_WARN_INT_CONVERSION = YES;
				CLANG_WARN_OBJC_ROOT_CLASS = YES_ERROR;
				CLANG_WARN_UNREACHABLE_CODE = YES;
				CLANG_WARN__DUPLICATE_METHOD_MATCH = YES;
				"CODE_SIGN_IDENTITY[sdk=iphoneos*]" = "iPhone Developer";
				COPY_PHASE_STRIP = NO;
				DEBUG_INFORMATION_FORMAT = dwarf;
				ENABLE_STRICT_OBJC_MSGSEND = YES;
				ENABLE_TESTABILITY = YES;
				GCC_C_LANGUAGE_STANDARD = gnu99;
				GCC_DYNAMIC_NO_PIC = NO;
				GCC_NO_COMMON_BLOCKS = YES;
				GCC_OPTIMIZATION_LEVEL = 0;
				GCC_PREPROCESSOR_DEFINITIONS = (
					"DEBUG=1",
					"$(inherited)",
				);
				GCC_WARN_64_TO_32_BIT_CONVERSION = YES;
				GCC_WARN_ABOUT_RETURN_TYPE = YES_ERROR;
				GCC_WARN_UNDECLARED_SELECTOR = YES;
				GCC_WARN_UNINITIALIZED_AUTOS = YES_AGGRESSIVE;
				GCC_WARN_UNUSED_FUNCTION = YES;
				GCC_WARN_UNUSED_VARIABLE = YES;
				IPHONEOS_DEPLOYMENT_TARGET = 9.1;
				MTL_ENABLE_DEBUG_INFO = YES;
				ONLY_ACTIVE_ARCH = YES;
				SDKROOT = iphoneos;
				SWIFT_OPTIMIZATION_LEVEL = "-Onone";
				TARGETED_DEVICE_FAMILY = "1,2";
			};
			name = Debug;
		};
		DB3ECAC51C0DD0B00040004F /* Release */ = {
			isa = XCBuildConfiguration;
			buildSettings = {
				ALWAYS_SEARCH_USER_PATHS = NO;
				CLANG_CXX_LANGUAGE_STANDARD = "gnu++0x";
				CLANG_CXX_LIBRARY = "libc++";
				CLANG_ENABLE_MODULES = YES;
				CLANG_ENABLE_OBJC_ARC = YES;
				CLANG_WARN_BOOL_CONVERSION = YES;
				CLANG_WARN_CONSTANT_CONVERSION = YES;
				CLANG_WARN_DIRECT_OBJC_ISA_USAGE = YES_ERROR;
				CLANG_WARN_EMPTY_BODY = YES;
				CLANG_WARN_ENUM_CONVERSION = YES;
				CLANG_WARN_INT_CONVERSION = YES;
				CLANG_WARN_OBJC_ROOT_CLASS = YES_ERROR;
				CLANG_WARN_UNREACHABLE_CODE = YES;
				CLANG_WARN__DUPLICATE_METHOD_MATCH = YES;
				"CODE_SIGN_IDENTITY[sdk=iphoneos*]" = "iPhone Developer";
				COPY_PHASE_STRIP = NO;
				DEBUG_INFORMATION_FORMAT = "dwarf-with-dsym";
				ENABLE_NS_ASSERTIONS = NO;
				ENABLE_STRICT_OBJC_MSGSEND = YES;
				GCC_C_LANGUAGE_STANDARD = gnu99;
				GCC_NO_COMMON_BLOCKS = YES;
				GCC_WARN_64_TO_32_BIT_CONVERSION = YES;
				GCC_WARN_ABOUT_RETURN_TYPE = YES_ERROR;
				GCC_WARN_UNDECLARED_SELECTOR = YES;
				GCC_WARN_UNINITIALIZED_AUTOS = YES_AGGRESSIVE;
				GCC_WARN_UNUSED_FUNCTION = YES;
				GCC_WARN_UNUSED_VARIABLE = YES;
				IPHONEOS_DEPLOYMENT_TARGET = 9.1;
				MTL_ENABLE_DEBUG_INFO = NO;
				SDKROOT = iphoneos;
				TARGETED_DEVICE_FAMILY = "1,2";
				VALIDATE_PRODUCT = YES;
			};
			name = Release;
		};
		DB3ECAC71C0DD0B00040004F /* Debug */ = {
			isa = XCBuildConfiguration;
			buildSettings = {
				ASSETCATALOG_COMPILER_APPICON_NAME = AppIcon;
				INFOPLIST_FILE = UIAutoResizeTest/Info.plist;
				LD_RUNPATH_SEARCH_PATHS = "$(inherited) @executable_path/Frameworks";
				PRODUCT_BUNDLE_IDENTIFIER = com.chuck.UIAutoResizeTest;
				PRODUCT_NAME = "$(TARGET_NAME)";
			};
			name = Debug;
		};
		DB3ECAC81C0DD0B00040004F /* Release */ = {
			isa = XCBuildConfiguration;
			buildSettings = {
				ASSETCATALOG_COMPILER_APPICON_NAME = AppIcon;
				INFOPLIST_FILE = UIAutoResizeTest/Info.plist;
				LD_RUNPATH_SEARCH_PATHS = "$(inherited) @executable_path/Frameworks";
				PRODUCT_BUNDLE_IDENTIFIER = com.chuck.UIAutoResizeTest;
				PRODUCT_NAME = "$(TARGET_NAME)";
			};
			name = Release;
		};
/* End XCBuildConfiguration section */

/* Begin XCConfigurationList section */
		DB3ECAAF1C0DD0B00040004F /* Build configuration list for PBXProject "UIAutoResizeTest" */ = {
			isa = XCConfigurationList;
			buildConfigurations = (
				DB3ECAC41C0DD0B00040004F /* Debug */,
				DB3ECAC51C0DD0B00040004F /* Release */,
			);
			defaultConfigurationIsVisible = 0;
			defaultConfigurationName = Release;
		};
		DB3ECAC61C0DD0B00040004F /* Build configuration list for PBXNativeTarget "UIAutoResizeTest" */ = {
			isa = XCConfigurationList;
			buildConfigurations = (
				DB3ECAC71C0DD0B00040004F /* Debug */,
				DB3ECAC81C0DD0B00040004F /* Release */,
			);
			defaultConfigurationIsVisible = 0;
		};
/* End XCConfigurationList section */
	};
	rootObject = DB3ECAAC1C0DD0B00040004F /* Project object */;
}
