// !$*UTF8*$!
{
	archiveVersion = 1;
	classes = {
	};
	objectVersion = 46;
	objects = {

/* Begin PBXBuildFile section */
		DB48A38B1C218FE600854428 /* Daniel - Free Loop.mp3 in Resources */ = {isa = PBXBuildFile; fileRef = DB48A3891C218FE600854428 /* Daniel - Free Loop.mp3 */; };
		DB48A38C1C218FE600854428 /* Leona Lewis - Footprint In The Sand.mp3 in Resources */ = {isa = PBXBuildFile; fileRef = DB48A38A1C218FE600854428 /* Leona Lewis - Footprint In The Sand.mp3 */; };
		DB59F5A61C20510B006685EF /* AppDelegate.swift in Sources */ = {isa = PBXBuildFile; fileRef = DB59F5A51C20510B006685EF /* AppDelegate.swift */; };
		DB59F5A81C20510B006685EF /* ViewController.swift in Sources */ = {isa = PBXBuildFile; fileRef = DB59F5A71C20510B006685EF /* ViewController.swift */; };
		DB59F5AB1C20510B006685EF /* Main.storyboard in Resources */ = {isa = PBXBuildFile; fileRef = DB59F5A91C20510B006685EF /* Main.storyboard */; };
		DB59F5AD1C20510B006685EF /* Assets.xcassets in Resources */ = {isa = PBXBuildFile; fileRef = DB59F5AC1C20510B006685EF /* Assets.xcassets */; };
		DB59F5B01C20510B006685EF /* LaunchScreen.storyboard in Resources */ = {isa = PBXBuildFile; fileRef = DB59F5AE1C20510B006685EF /* LaunchScreen.storyboard */; };
		DBE839511C2052B800C063B5 /* UIKit.mp4 in Resources */ = {isa = PBXBuildFile; fileRef = DBE839501C2052B800C063B5 /* UIKit.mp4 */; };
/* End PBXBuildFile section */

/* Begin PBXFileReference section */
		DB48A3891C218FE600854428 /* Daniel - Free Loop.mp3 */ = {isa = PBXFileReference; lastKnownFileType = audio.mp3; name = "Daniel - Free Loop.mp3"; path = "../../../Volumes/VMware Shared Folders/appleShare/Daniel - Free Loop.mp3"; sourceTree = "<group>"; };
		DB48A38A1C218FE600854428 /* Leona Lewis - Footprint In The Sand.mp3 */ = {isa = PBXFileReference; lastKnownFileType = audio.mp3; name = "Leona Lewis - Footprint In The Sand.mp3"; path = "../../../Volumes/VMware Shared Folders/appleShare/Leona Lewis - Footprint In The Sand.mp3"; sourceTree = "<group>"; };
		DB59F5A21C20510B006685EF /* MediaPlayerTest.app */ = {isa = PBXFileReference; explicitFileType = wrapper.application; includeInIndex = 0; path = MediaPlayerTest.app; sourceTree = BUILT_PRODUCTS_DIR; };
		DB59F5A51C20510B006685EF /* AppDelegate.swift */ = {isa = PBXFileReference; lastKnownFileType = sourcecode.swift; path = AppDelegate.swift; sourceTree = "<group>"; };
		DB59F5A71C20510B006685EF /* ViewController.swift */ = {isa = PBXFileReference; lastKnownFileType = sourcecode.swift; path = ViewController.swift; sourceTree = "<group>"; };
		DB59F5AA1C20510B006685EF /* Base */ = {isa = PBXFileReference; lastKnownFileType = file.storyboard; name = Base; path = Base.lproj/Main.storyboard; sourceTree = "<group>"; };
		DB59F5AC1C20510B006685EF /* Assets.xcassets */ = {isa = PBXFileReference; lastKnownFileType = folder.assetcatalog; path = Assets.xcassets; sourceTree = "<group>"; };
		DB59F5AF1C20510B006685EF /* Base */ = {isa = PBXFileReference; lastKnownFileType = file.storyboard; name = Base; path = Base.lproj/LaunchScreen.storyboard; sourceTree = "<group>"; };
		DB59F5B11C20510B006685EF /* Info.plist */ = {isa = PBXFileReference; lastKnownFileType = text.plist.xml; path = Info.plist; sourceTree = "<group>"; };
		DBE839501C2052B800C063B5 /* UIKit.mp4 */ = {isa = PBXFileReference; lastKnownFileType = file; name = UIKit.mp4; path = "../../../Volumes/VMware Shared Folders/appleShare/UIKit.mp4"; sourceTree = "<group>"; };
/* End PBXFileReference section */

/* Begin PBXFrameworksBuildPhase section */
		DB59F59F1C20510B006685EF /* Frameworks */ = {
			isa = PBXFrameworksBuildPhase;
			buildActionMask = 2147483647;
			files = (
			);
			runOnlyForDeploymentPostprocessing = 0;
		};
/* End PBXFrameworksBuildPhase section */

/* Begin PBXGroup section */
		DB59F5991C20510B006685EF = {
			isa = PBXGroup;
			children = (
				DB59F5A41C20510B006685EF /* MediaPlayerTest */,
				DB59F5A31C20510B006685EF /* Products */,
			);
			sourceTree = "<group>";
		};
		DB59F5A31C20510B006685EF /* Products */ = {
			isa = PBXGroup;
			children = (
				DB59F5A21C20510B006685EF /* MediaPlayerTest.app */,
			);
			name = Products;
			sourceTree = "<group>";
		};
		DB59F5A41C20510B006685EF /* MediaPlayerTest */ = {
			isa = PBXGroup;
			children = (
				DB48A3891C218FE600854428 /* Daniel - Free Loop.mp3 */,
				DB48A38A1C218FE600854428 /* Leona Lewis - Footprint In The Sand.mp3 */,
				DBE839501C2052B800C063B5 /* UIKit.mp4 */,
				DB59F5A51C20510B006685EF /* AppDelegate.swift */,
				DB59F5A71C20510B006685EF /* ViewController.swift */,
				DB59F5A91C20510B006685EF /* Main.storyboard */,
				DB59F5AC1C20510B006685EF /* Assets.xcassets */,
				DB59F5AE1C20510B006685EF /* LaunchScreen.storyboard */,
				DB59F5B11C20510B006685EF /* Info.plist */,
			);
			path = MediaPlayerTest;
			sourceTree = "<group>";
		};
/* End PBXGroup section */

/* Begin PBXNativeTarget section */
		DB59F5A11C20510B006685EF /* MediaPlayerTest */ = {
			isa = PBXNativeTarget;
			buildConfigurationList = DB59F5B41C20510B006685EF /* Build configuration list for PBXNativeTarget "MediaPlayerTest" */;
			buildPhases = (
				DB59F59E1C20510B006685EF /* Sources */,
				DB59F59F1C20510B006685EF /* Frameworks */,
				DB59F5A01C20510B006685EF /* Resources */,
			);
			buildRules = (
			);
			dependencies = (
			);
			name = MediaPlayerTest;
			productName = MediaPlayerTest;
			productReference = DB59F5A21C20510B006685EF /* MediaPlayerTest.app */;
			productType = "com.apple.product-type.application";
		};
/* End PBXNativeTarget section */

/* Begin PBXProject section */
		DB59F59A1C20510B006685EF /* Project object */ = {
			isa = PBXProject;
			attributes = {
				LastSwiftUpdateCheck = 0710;
				LastUpgradeCheck = 0710;
				ORGANIZATIONNAME = "chuck chan";
				TargetAttributes = {
					DB59F5A11C20510B006685EF = {
						CreatedOnToolsVersion = 7.1;
						DevelopmentTeam = 328A3KDV4A;
					};
				};
			};
			buildConfigurationList = DB59F59D1C20510B006685EF /* Build configuration list for PBXProject "MediaPlayerTest" */;
			compatibilityVersion = "Xcode 3.2";
			developmentRegion = English;
			hasScannedForEncodings = 0;
			knownRegions = (
				en,
				Base,
			);
			mainGroup = DB59F5991C20510B006685EF;
			productRefGroup = DB59F5A31C20510B006685EF /* Products */;
			projectDirPath = "";
			projectRoot = "";
			targets = (
				DB59F5A11C20510B006685EF /* MediaPlayerTest */,
			);
		};
/* End PBXProject section */

/* Begin PBXResourcesBuildPhase section */
		DB59F5A01C20510B006685EF /* Resources */ = {
			isa = PBXResourcesBuildPhase;
			buildActionMask = 2147483647;
			files = (
				DB59F5B01C20510B006685EF /* LaunchScreen.storyboard in Resources */,
				DB59F5AD1C20510B006685EF /* Assets.xcassets in Resources */,
				DBE839511C2052B800C063B5 /* UIKit.mp4 in Resources */,
				DB59F5AB1C20510B006685EF /* Main.storyboard in Resources */,
				DB48A38C1C218FE600854428 /* Leona Lewis - Footprint In The Sand.mp3 in Resources */,
				DB48A38B1C218FE600854428 /* Daniel - Free Loop.mp3 in Resources */,
			);
			runOnlyForDeploymentPostprocessing = 0;
		};
/* End PBXResourcesBuildPhase section */

/* Begin PBXSourcesBuildPhase section */
		DB59F59E1C20510B006685EF /* Sources */ = {
			isa = PBXSourcesBuildPhase;
			buildActionMask = 2147483647;
			files = (
				DB59F5A81C20510B006685EF /* ViewController.swift in Sources */,
				DB59F5A61C20510B006685EF /* AppDelegate.swift in Sources */,
			);
			runOnlyForDeploymentPostprocessing = 0;
		};
/* End PBXSourcesBuildPhase section */

/* Begin PBXVariantGroup section */
		DB59F5A91C20510B006685EF /* Main.storyboard */ = {
			isa = PBXVariantGroup;
			children = (
				DB59F5AA1C20510B006685EF /* Base */,
			);
			name = Main.storyboard;
			sourceTree = "<group>";
		};
		DB59F5AE1C20510B006685EF /* LaunchScreen.storyboard */ = {
			isa = PBXVariantGroup;
			children = (
				DB59F5AF1C20510B006685EF /* Base */,
			);
			name = LaunchScreen.storyboard;
			sourceTree = "<group>";
		};
/* End PBXVariantGroup section */

/* Begin XCBuildConfiguration section */
		DB59F5B21C20510B006685EF /* Debug */ = {
			isa = XCBuildConfiguration;
			buildSettings = {
				ALWAYS_SEARCH_USER_PATHS = NO;
				CLANG_CXX_LANGUAGE_STANDARD = "gnu++0x";
				CLANG_CXX_LIBRARY = "libc++";
				CLANG_ENABLE_MODULES = YES;
				CLANG_ENABLE_OBJC_ARC = YES;
				CLANG_WARN_BOOL_CONVERSION = YES;
				CLANG_WARN_CONSTANT_CONVERSION = YES;
				CLANG_WARN_DIRECT_OBJC_ISA_USAGE = YES_ERROR;
				CLANG_WARN_EMPTY_BODY = YES;
				CLANG_WARN_ENUM_CONVERSION = YES;
				CLANG_WARN_INT_CONVERSION = YES;
				CLANG_WARN_OBJC_ROOT_CLASS = YES_ERROR;
				CLANG_WARN_UNREACHABLE_CODE = YES;
				CLANG_WARN__DUPLICATE_METHOD_MATCH = YES;
				"CODE_SIGN_IDENTITY[sdk=iphoneos*]" = "iPhone Developer";
				COPY_PHASE_STRIP = NO;
				DEBUG_INFORMATION_FORMAT = dwarf;
				ENABLE_STRICT_OBJC_MSGSEND = YES;
				ENABLE_TESTABILITY = YES;
				GCC_C_LANGUAGE_STANDARD = gnu99;
				GCC_DYNAMIC_NO_PIC = NO;
				GCC_NO_COMMON_BLOCKS = YES;
				GCC_OPTIMIZATION_LEVEL = 0;
				GCC_PREPROCESSOR_DEFINITIONS = (
					"DEBUG=1",
					"$(inherited)",
				);
				GCC_WARN_64_TO_32_BIT_CONVERSION = YES;
				GCC_WARN_ABOUT_RETURN_TYPE = YES_ERROR;
				GCC_WARN_UNDECLARED_SELECTOR = YES;
				GCC_WARN_UNINITIALIZED_AUTOS = YES_AGGRESSIVE;
				GCC_WARN_UNUSED_FUNCTION = YES;
				GCC_WARN_UNUSED_VARIABLE = YES;
				IPHONEOS_DEPLOYMENT_TARGET = 9.1;
				MTL_ENABLE_DEBUG_INFO = YES;
				ONLY_ACTIVE_ARCH = YES;
				SDKROOT = iphoneos;
				SWIFT_OPTIMIZATION_LEVEL = "-Onone";
				TARGETED_DEVICE_FAMILY = "1,2";
			};
			name = Debug;
		};
		DB59F5B31C20510B006685EF /* Release */ = {
			isa = XCBuildConfiguration;
			buildSettings = {
				ALWAYS_SEARCH_USER_PATHS = NO;
				CLANG_CXX_LANGUAGE_STANDARD = "gnu++0x";
				CLANG_CXX_LIBRARY = "libc++";
				CLANG_ENABLE_MODULES = YES;
				CLANG_ENABLE_OBJC_ARC = YES;
				CLANG_WARN_BOOL_CONVERSION = YES;
				CLANG_WARN_CONSTANT_CONVERSION = YES;
				CLANG_WARN_DIRECT_OBJC_ISA_USAGE = YES_ERROR;
				CLANG_WARN_EMPTY_BODY = YES;
				CLANG_WARN_ENUM_CONVERSION = YES;
				CLANG_WARN_INT_CONVERSION = YES;
				CLANG_WARN_OBJC_ROOT_CLASS = YES_ERROR;
				CLANG_WARN_UNREACHABLE_CODE = YES;
				CLANG_WARN__DUPLICATE_METHOD_MATCH = YES;
				"CODE_SIGN_IDENTITY[sdk=iphoneos*]" = "iPhone Developer";
				COPY_PHASE_STRIP = NO;
				DEBUG_INFORMATION_FORMAT = "dwarf-with-dsym";
				ENABLE_NS_ASSERTIONS = NO;
				ENABLE_STRICT_OBJC_MSGSEND = YES;
				GCC_C_LANGUAGE_STANDARD = gnu99;
				GCC_NO_COMMON_BLOCKS = YES;
				GCC_WARN_64_TO_32_BIT_CONVERSION = YES;
				GCC_WARN_ABOUT_RETURN_TYPE = YES_ERROR;
				GCC_WARN_UNDECLARED_SELECTOR = YES;
				GCC_WARN_UNINITIALIZED_AUTOS = YES_AGGRESSIVE;
				GCC_WARN_UNUSED_FUNCTION = YES;
				GCC_WARN_UNUSED_VARIABLE = YES;
				IPHONEOS_DEPLOYMENT_TARGET = 9.1;
				MTL_ENABLE_DEBUG_INFO = NO;
				SDKROOT = iphoneos;
				TARGETED_DEVICE_FAMILY = "1,2";
				VALIDATE_PRODUCT = YES;
			};
			name = Release;
		};
		DB59F5B51C20510B006685EF /* Debug */ = {
			isa = XCBuildConfiguration;
			buildSettings = {
				ASSETCATALOG_COMPILER_APPICON_NAME = AppIcon;
				INFOPLIST_FILE = MediaPlayerTest/Info.plist;
				LD_RUNPATH_SEARCH_PATHS = "$(inherited) @executable_path/Frameworks";
				PRODUCT_BUNDLE_IDENTIFIER = com.chuck.MediaPlayerTest;
				PRODUCT_NAME = "$(TARGET_NAME)";
			};
			name = Debug;
		};
		DB59F5B61C20510B006685EF /* Release */ = {
			isa = XCBuildConfiguration;
			buildSettings = {
				ASSETCATALOG_COMPILER_APPICON_NAME = AppIcon;
				INFOPLIST_FILE = MediaPlayerTest/Info.plist;
				LD_RUNPATH_SEARCH_PATHS = "$(inherited) @executable_path/Frameworks";
				PRODUCT_BUNDLE_IDENTIFIER = com.chuck.MediaPlayerTest;
				PRODUCT_NAME = "$(TARGET_NAME)";
			};
			name = Release;
		};
/* End XCBuildConfiguration section */

/* Begin XCConfigurationList section */
		DB59F59D1C20510B006685EF /* Build configuration list for PBXProject "MediaPlayerTest" */ = {
			isa = XCConfigurationList;
			buildConfigurations = (
				DB59F5B21C20510B006685EF /* Debug */,
				DB59F5B31C20510B006685EF /* Release */,
			);
			defaultConfigurationIsVisible = 0;
			defaultConfigurationName = Release;
		};
		DB59F5B41C20510B006685EF /* Build configuration list for PBXNativeTarget "MediaPlayerTest" */ = {
			isa = XCConfigurationList;
			buildConfigurations = (
				DB59F5B51C20510B006685EF /* Debug */,
				DB59F5B61C20510B006685EF /* Release */,
			);
			defaultConfigurationIsVisible = 0;
			defaultConfigurationName = Release;
		};
/* End XCConfigurationList section */
	};
	rootObject = DB59F59A1C20510B006685EF /* Project object */;
}
