// !$*UTF8*$!
{
	archiveVersion = 1;
	classes = {
	};
	objectVersion = 46;
	objects = {

/* Begin PBXBuildFile section */
		DB6627FA1C3E9A8000CC7CCD /* AppDelegate.swift in Sources */ = {isa = PBXBuildFile; fileRef = DB6627F91C3E9A8000CC7CCD /* AppDelegate.swift */; };
		DB6627FC1C3E9A8000CC7CCD /* ViewController.swift in Sources */ = {isa = PBXBuildFile; fileRef = DB6627FB1C3E9A8000CC7CCD /* ViewController.swift */; };
		DB6627FF1C3E9A8000CC7CCD /* Main.storyboard in Resources */ = {isa = PBXBuildFile; fileRef = DB6627FD1C3E9A8000CC7CCD /* Main.storyboard */; };
		DB6628011C3E9A8000CC7CCD /* Assets.xcassets in Resources */ = {isa = PBXBuildFile; fileRef = DB6628001C3E9A8000CC7CCD /* Assets.xcassets */; };
		DB6628041C3E9A8000CC7CCD /* LaunchScreen.storyboard in Resources */ = {isa = PBXBuildFile; fileRef = DB6628021C3E9A8000CC7CCD /* LaunchScreen.storyboard */; };
/* End PBXBuildFile section */

/* Begin PBXFileReference section */
		DB6627F61C3E9A8000CC7CCD /* StoreDataOfSandBoxTest.app */ = {isa = PBXFileReference; explicitFileType = wrapper.application; includeInIndex = 0; path = StoreDataOfSandBoxTest.app; sourceTree = BUILT_PRODUCTS_DIR; };
		DB6627F91C3E9A8000CC7CCD /* AppDelegate.swift */ = {isa = PBXFileReference; lastKnownFileType = sourcecode.swift; path = AppDelegate.swift; sourceTree = "<group>"; };
		DB6627FB1C3E9A8000CC7CCD /* ViewController.swift */ = {isa = PBXFileReference; lastKnownFileType = sourcecode.swift; path = ViewController.swift; sourceTree = "<group>"; };
		DB6627FE1C3E9A8000CC7CCD /* Base */ = {isa = PBXFileReference; lastKnownFileType = file.storyboard; name = Base; path = Base.lproj/Main.storyboard; sourceTree = "<group>"; };
		DB6628001C3E9A8000CC7CCD /* Assets.xcassets */ = {isa = PBXFileReference; lastKnownFileType = folder.assetcatalog; path = Assets.xcassets; sourceTree = "<group>"; };
		DB6628031C3E9A8000CC7CCD /* Base */ = {isa = PBXFileReference; lastKnownFileType = file.storyboard; name = Base; path = Base.lproj/LaunchScreen.storyboard; sourceTree = "<group>"; };
		DB6628051C3E9A8000CC7CCD /* Info.plist */ = {isa = PBXFileReference; lastKnownFileType = text.plist.xml; path = Info.plist; sourceTree = "<group>"; };
/* End PBXFileReference section */

/* Begin PBXFrameworksBuildPhase section */
		DB6627F31C3E9A8000CC7CCD /* Frameworks */ = {
			isa = PBXFrameworksBuildPhase;
			buildActionMask = 2147483647;
			files = (
			);
			runOnlyForDeploymentPostprocessing = 0;
		};
/* End PBXFrameworksBuildPhase section */

/* Begin PBXGroup section */
		DB6627ED1C3E9A8000CC7CCD = {
			isa = PBXGroup;
			children = (
				DB6627F81C3E9A8000CC7CCD /* StoreDataOfSandBoxTest */,
				DB6627F71C3E9A8000CC7CCD /* Products */,
			);
			sourceTree = "<group>";
		};
		DB6627F71C3E9A8000CC7CCD /* Products */ = {
			isa = PBXGroup;
			children = (
				DB6627F61C3E9A8000CC7CCD /* StoreDataOfSandBoxTest.app */,
			);
			name = Products;
			sourceTree = "<group>";
		};
		DB6627F81C3E9A8000CC7CCD /* StoreDataOfSandBoxTest */ = {
			isa = PBXGroup;
			children = (
				DB6627F91C3E9A8000CC7CCD /* AppDelegate.swift */,
				DB6627FB1C3E9A8000CC7CCD /* ViewController.swift */,
				DB6627FD1C3E9A8000CC7CCD /* Main.storyboard */,
				DB6628001C3E9A8000CC7CCD /* Assets.xcassets */,
				DB6628021C3E9A8000CC7CCD /* LaunchScreen.storyboard */,
				DB6628051C3E9A8000CC7CCD /* Info.plist */,
			);
			path = StoreDataOfSandBoxTest;
			sourceTree = "<group>";
		};
/* End PBXGroup section */

/* Begin PBXNativeTarget section */
		DB6627F51C3E9A8000CC7CCD /* StoreDataOfSandBoxTest */ = {
			isa = PBXNativeTarget;
			buildConfigurationList = DB6628081C3E9A8000CC7CCD /* Build configuration list for PBXNativeTarget "StoreDataOfSandBoxTest" */;
			buildPhases = (
				DB6627F21C3E9A8000CC7CCD /* Sources */,
				DB6627F31C3E9A8000CC7CCD /* Frameworks */,
				DB6627F41C3E9A8000CC7CCD /* Resources */,
			);
			buildRules = (
			);
			dependencies = (
			);
			name = StoreDataOfSandBoxTest;
			productName = StoreDataOfSandBoxTest;
			productReference = DB6627F61C3E9A8000CC7CCD /* StoreDataOfSandBoxTest.app */;
			productType = "com.apple.product-type.application";
		};
/* End PBXNativeTarget section */

/* Begin PBXProject section */
		DB6627EE1C3E9A8000CC7CCD /* Project object */ = {
			isa = PBXProject;
			attributes = {
				LastSwiftUpdateCheck = 0710;
				LastUpgradeCheck = 0710;
				ORGANIZATIONNAME = "chuck chan";
				TargetAttributes = {
					DB6627F51C3E9A8000CC7CCD = {
						CreatedOnToolsVersion = 7.1;
						DevelopmentTeam = 328A3KDV4A;
					};
				};
			};
			buildConfigurationList = DB6627F11C3E9A8000CC7CCD /* Build configuration list for PBXProject "StoreDataOfSandBoxTest" */;
			compatibilityVersion = "Xcode 3.2";
			developmentRegion = English;
			hasScannedForEncodings = 0;
			knownRegions = (
				en,
				Base,
			);
			mainGroup = DB6627ED1C3E9A8000CC7CCD;
			productRefGroup = DB6627F71C3E9A8000CC7CCD /* Products */;
			projectDirPath = "";
			projectRoot = "";
			targets = (
				DB6627F51C3E9A8000CC7CCD /* StoreDataOfSandBoxTest */,
			);
		};
/* End PBXProject section */

/* Begin PBXResourcesBuildPhase section */
		DB6627F41C3E9A8000CC7CCD /* Resources */ = {
			isa = PBXResourcesBuildPhase;
			buildActionMask = 2147483647;
			files = (
				DB6628041C3E9A8000CC7CCD /* LaunchScreen.storyboard in Resources */,
				DB6628011C3E9A8000CC7CCD /* Assets.xcassets in Resources */,
				DB6627FF1C3E9A8000CC7CCD /* Main.storyboard in Resources */,
			);
			runOnlyForDeploymentPostprocessing = 0;
		};
/* End PBXResourcesBuildPhase section */

/* Begin PBXSourcesBuildPhase section */
		DB6627F21C3E9A8000CC7CCD /* Sources */ = {
			isa = PBXSourcesBuildPhase;
			buildActionMask = 2147483647;
			files = (
				DB6627FC1C3E9A8000CC7CCD /* ViewController.swift in Sources */,
				DB6627FA1C3E9A8000CC7CCD /* AppDelegate.swift in Sources */,
			);
			runOnlyForDeploymentPostprocessing = 0;
		};
/* End PBXSourcesBuildPhase section */

/* Begin PBXVariantGroup section */
		DB6627FD1C3E9A8000CC7CCD /* Main.storyboard */ = {
			isa = PBXVariantGroup;
			children = (
				DB6627FE1C3E9A8000CC7CCD /* Base */,
			);
			name = Main.storyboard;
			sourceTree = "<group>";
		};
		DB6628021C3E9A8000CC7CCD /* LaunchScreen.storyboard */ = {
			isa = PBXVariantGroup;
			children = (
				DB6628031C3E9A8000CC7CCD /* Base */,
			);
			name = LaunchScreen.storyboard;
			sourceTree = "<group>";
		};
/* End PBXVariantGroup section */

/* Begin XCBuildConfiguration section */
		DB6628061C3E9A8000CC7CCD /* Debug */ = {
			isa = XCBuildConfiguration;
			buildSettings = {
				ALWAYS_SEARCH_USER_PATHS = NO;
				CLANG_CXX_LANGUAGE_STANDARD = "gnu++0x";
				CLANG_CXX_LIBRARY = "libc++";
				CLANG_ENABLE_MODULES = YES;
				CLANG_ENABLE_OBJC_ARC = YES;
				CLANG_WARN_BOOL_CONVERSION = YES;
				CLANG_WARN_CONSTANT_CONVERSION = YES;
				CLANG_WARN_DIRECT_OBJC_ISA_USAGE = YES_ERROR;
				CLANG_WARN_EMPTY_BODY = YES;
				CLANG_WARN_ENUM_CONVERSION = YES;
				CLANG_WARN_INT_CONVERSION = YES;
				CLANG_WARN_OBJC_ROOT_CLASS = YES_ERROR;
				CLANG_WARN_UNREACHABLE_CODE = YES;
				CLANG_WARN__DUPLICATE_METHOD_MATCH = YES;
				"CODE_SIGN_IDENTITY[sdk=iphoneos*]" = "iPhone Developer";
				COPY_PHASE_STRIP = NO;
				DEBUG_INFORMATION_FORMAT = dwarf;
				ENABLE_STRICT_OBJC_MSGSEND = YES;
				ENABLE_TESTABILITY = YES;
				GCC_C_LANGUAGE_STANDARD = gnu99;
				GCC_DYNAMIC_NO_PIC = NO;
				GCC_NO_COMMON_BLOCKS = YES;
				GCC_OPTIMIZATION_LEVEL = 0;
				GCC_PREPROCESSOR_DEFINITIONS = (
					"DEBUG=1",
					"$(inherited)",
				);
				GCC_WARN_64_TO_32_BIT_CONVERSION = YES;
				GCC_WARN_ABOUT_RETURN_TYPE = YES_ERROR;
				GCC_WARN_UNDECLARED_SELECTOR = YES;
				GCC_WARN_UNINITIALIZED_AUTOS = YES_AGGRESSIVE;
				GCC_WARN_UNUSED_FUNCTION = YES;
				GCC_WARN_UNUSED_VARIABLE = YES;
				IPHONEOS_DEPLOYMENT_TARGET = 9.1;
				MTL_ENABLE_DEBUG_INFO = YES;
				ONLY_ACTIVE_ARCH = YES;
				SDKROOT = iphoneos;
				SWIFT_OPTIMIZATION_LEVEL = "-Onone";
				TARGETED_DEVICE_FAMILY = "1,2";
			};
			name = Debug;
		};
		DB6628071C3E9A8000CC7CCD /* Release */ = {
			isa = XCBuildConfiguration;
			buildSettings = {
				ALWAYS_SEARCH_USER_PATHS = NO;
				CLANG_CXX_LANGUAGE_STANDARD = "gnu++0x";
				CLANG_CXX_LIBRARY = "libc++";
				CLANG_ENABLE_MODULES = YES;
				CLANG_ENABLE_OBJC_ARC = YES;
				CLANG_WARN_BOOL_CONVERSION = YES;
				CLANG_WARN_CONSTANT_CONVERSION = YES;
				CLANG_WARN_DIRECT_OBJC_ISA_USAGE = YES_ERROR;
				CLANG_WARN_EMPTY_BODY = YES;
				CLANG_WARN_ENUM_CONVERSION = YES;
				CLANG_WARN_INT_CONVERSION = YES;
				CLANG_WARN_OBJC_ROOT_CLASS = YES_ERROR;
				CLANG_WARN_UNREACHABLE_CODE = YES;
				CLANG_WARN__DUPLICATE_METHOD_MATCH = YES;
				"CODE_SIGN_IDENTITY[sdk=iphoneos*]" = "iPhone Developer";
				COPY_PHASE_STRIP = NO;
				DEBUG_INFORMATION_FORMAT = "dwarf-with-dsym";
				ENABLE_NS_ASSERTIONS = NO;
				ENABLE_STRICT_OBJC_MSGSEND = YES;
				GCC_C_LANGUAGE_STANDARD = gnu99;
				GCC_NO_COMMON_BLOCKS = YES;
				GCC_WARN_64_TO_32_BIT_CONVERSION = YES;
				GCC_WARN_ABOUT_RETURN_TYPE = YES_ERROR;
				GCC_WARN_UNDECLARED_SELECTOR = YES;
				GCC_WARN_UNINITIALIZED_AUTOS = YES_AGGRESSIVE;
				GCC_WARN_UNUSED_FUNCTION = YES;
				GCC_WARN_UNUSED_VARIABLE = YES;
				IPHONEOS_DEPLOYMENT_TARGET = 9.1;
				MTL_ENABLE_DEBUG_INFO = NO;
				SDKROOT = iphoneos;
				TARGETED_DEVICE_FAMILY = "1,2";
				VALIDATE_PRODUCT = YES;
			};
			name = Release;
		};
		DB6628091C3E9A8000CC7CCD /* Debug */ = {
			isa = XCBuildConfiguration;
			buildSettings = {
				ASSETCATALOG_COMPILER_APPICON_NAME = AppIcon;
				INFOPLIST_FILE = StoreDataOfSandBoxTest/Info.plist;
				LD_RUNPATH_SEARCH_PATHS = "$(inherited) @executable_path/Frameworks";
				PRODUCT_BUNDLE_IDENTIFIER = com.chuck.StoreDataOfSandBoxTest;
				PRODUCT_NAME = "$(TARGET_NAME)";
			};
			name = Debug;
		};
		DB66280A1C3E9A8000CC7CCD /* Release */ = {
			isa = XCBuildConfiguration;
			buildSettings = {
				ASSETCATALOG_COMPILER_APPICON_NAME = AppIcon;
				INFOPLIST_FILE = StoreDataOfSandBoxTest/Info.plist;
				LD_RUNPATH_SEARCH_PATHS = "$(inherited) @executable_path/Frameworks";
				PRODUCT_BUNDLE_IDENTIFIER = com.chuck.StoreDataOfSandBoxTest;
				PRODUCT_NAME = "$(TARGET_NAME)";
			};
			name = Release;
		};
/* End XCBuildConfiguration section */

/* Begin XCConfigurationList section */
		DB6627F11C3E9A8000CC7CCD /* Build configuration list for PBXProject "StoreDataOfSandBoxTest" */ = {
			isa = XCConfigurationList;
			buildConfigurations = (
				DB6628061C3E9A8000CC7CCD /* Debug */,
				DB6628071C3E9A8000CC7CCD /* Release */,
			);
			defaultConfigurationIsVisible = 0;
			defaultConfigurationName = Release;
		};
		DB6628081C3E9A8000CC7CCD /* Build configuration list for PBXNativeTarget "StoreDataOfSandBoxTest" */ = {
			isa = XCConfigurationList;
			buildConfigurations = (
				DB6628091C3E9A8000CC7CCD /* Debug */,
				DB66280A1C3E9A8000CC7CCD /* Release */,
			);
			defaultConfigurationIsVisible = 0;
		};
/* End XCConfigurationList section */
	};
	rootObject = DB6627EE1C3E9A8000CC7CCD /* Project object */;
}
